// !$*UTF8*$!
{
	archiveVersion = 1;
	classes = {
	};
	objectVersion = 52;
	objects = {

/* Begin PBXBuildFile section */
		8A60EEBB258CDB2E0061A830 /* LivePreview.swift in Sources */ = {isa = PBXBuildFile; fileRef = 8A60EEBA258CDB2E0061A830 /* LivePreview.swift */; };
		8A76FA4F258DE3EF0094C524 /* RankedTechnieVC.swift in Sources */ = {isa = PBXBuildFile; fileRef = 8A76FA4E258DE3EF0094C524 /* RankedTechnieVC.swift */; };
		8A76FA57258DEBB20094C524 /* FullRankingVC.swift in Sources */ = {isa = PBXBuildFile; fileRef = 8A76FA56258DEBB20094C524 /* FullRankingVC.swift */; };
		8A76FA5F258DF2F40094C524 /* NearbyDetailVC.swift in Sources */ = {isa = PBXBuildFile; fileRef = 8A76FA5E258DF2F40094C524 /* NearbyDetailVC.swift */; };
		8A76FA67258E1CDF0094C524 /* SearchResultCell.swift in Sources */ = {isa = PBXBuildFile; fileRef = 8A76FA66258E1CDF0094C524 /* SearchResultCell.swift */; };
		8A8F8521258A353500C4CEF9 /* ClientSearchVC.swift in Sources */ = {isa = PBXBuildFile; fileRef = 8A8F8520258A353500C4CEF9 /* ClientSearchVC.swift */; };
		8A8F8526258A355700C4CEF9 /* ClientPostVC.swift in Sources */ = {isa = PBXBuildFile; fileRef = 8A8F8525258A355700C4CEF9 /* ClientPostVC.swift */; };
		8A8F852E258A357200C4CEF9 /* ClientChatVC.swift in Sources */ = {isa = PBXBuildFile; fileRef = 8A8F852D258A357200C4CEF9 /* ClientChatVC.swift */; };
		8A8F8533258A358400C4CEF9 /* ClientNotificationVC.swift in Sources */ = {isa = PBXBuildFile; fileRef = 8A8F8532258A358400C4CEF9 /* ClientNotificationVC.swift */; };
		8A8F854E258A3D0500C4CEF9 /* NearbyTechniesCell.swift in Sources */ = {isa = PBXBuildFile; fileRef = 8A8F854D258A3D0500C4CEF9 /* NearbyTechniesCell.swift */; };
		8A8F8554258A408700C4CEF9 /* LBTATools in Frameworks */ = {isa = PBXBuildFile; productRef = 8A8F8553258A408700C4CEF9 /* LBTATools */; };
		8AC1B123258A2D8D000F2569 /* AppDelegate.swift in Sources */ = {isa = PBXBuildFile; fileRef = 8AC1B122258A2D8D000F2569 /* AppDelegate.swift */; };
		8AC1B125258A2D8D000F2569 /* SceneDelegate.swift in Sources */ = {isa = PBXBuildFile; fileRef = 8AC1B124258A2D8D000F2569 /* SceneDelegate.swift */; };
		8AC1B127258A2D8D000F2569 /* ClientFeedVC.swift in Sources */ = {isa = PBXBuildFile; fileRef = 8AC1B126258A2D8D000F2569 /* ClientFeedVC.swift */; };
		8AC1B12C258A2D8F000F2569 /* Assets.xcassets in Resources */ = {isa = PBXBuildFile; fileRef = 8AC1B12B258A2D8F000F2569 /* Assets.xcassets */; };
		8AC1B12F258A2D8F000F2569 /* LaunchScreen.storyboard in Resources */ = {isa = PBXBuildFile; fileRef = 8AC1B12D258A2D8F000F2569 /* LaunchScreen.storyboard */; };
		8AC1B13A258A2D8F000F2569 /* TechnieTests.swift in Sources */ = {isa = PBXBuildFile; fileRef = 8AC1B139258A2D8F000F2569 /* TechnieTests.swift */; };
		8AC1B145258A2D8F000F2569 /* TechnieUITests.swift in Sources */ = {isa = PBXBuildFile; fileRef = 8AC1B144258A2D8F000F2569 /* TechnieUITests.swift */; };
		8AE258A6258A3156004EDB26 /* ClientTabController.swift in Sources */ = {isa = PBXBuildFile; fileRef = 8AE258A5258A3156004EDB26 /* ClientTabController.swift */; };
		8AF76A4E258B0B0700ED14C2 /* UserProfileVC.swift in Sources */ = {isa = PBXBuildFile; fileRef = 8AF76A4D258B0B0700ED14C2 /* UserProfileVC.swift */; };
		8AF76A53258B23BF00ED14C2 /* FeedCell2.swift in Sources */ = {isa = PBXBuildFile; fileRef = 8AF76A52258B23BF00ED14C2 /* FeedCell2.swift */; };
		8AF76A77258B440D00ED14C2 /* KeyboardLayoutConstraint.swift in Sources */ = {isa = PBXBuildFile; fileRef = 8AF76A6F258B440D00ED14C2 /* KeyboardLayoutConstraint.swift */; };
		8AF76A78258B440D00ED14C2 /* UIFeedBackGenerator.swift in Sources */ = {isa = PBXBuildFile; fileRef = 8AF76A70258B440D00ED14C2 /* UIFeedBackGenerator.swift */; };
		8AF76A79258B440D00ED14C2 /* TrashBinCode.swift in Sources */ = {isa = PBXBuildFile; fileRef = 8AF76A71258B440D00ED14C2 /* TrashBinCode.swift */; };
		8AF76A7A258B440D00ED14C2 /* MyActivityIndicator.swift in Sources */ = {isa = PBXBuildFile; fileRef = 8AF76A72258B440D00ED14C2 /* MyActivityIndicator.swift */; };
		8AF76A7B258B440D00ED14C2 /* Extensions.swift in Sources */ = {isa = PBXBuildFile; fileRef = 8AF76A73258B440D00ED14C2 /* Extensions.swift */; };
		8AF76A7C258B440D00ED14C2 /* Typealias.swift in Sources */ = {isa = PBXBuildFile; fileRef = 8AF76A74258B440D00ED14C2 /* Typealias.swift */; };
		8AF76A7D258B440D00ED14C2 /* SpeechService.swift in Sources */ = {isa = PBXBuildFile; fileRef = 8AF76A75258B440D00ED14C2 /* SpeechService.swift */; };
		8AF76A7E258B440D00ED14C2 /* UIScrollView+.swift in Sources */ = {isa = PBXBuildFile; fileRef = 8AF76A76258B440D00ED14C2 /* UIScrollView+.swift */; };
		8AF76A86258B64FC00ED14C2 /* TechnieRankingCell.swift in Sources */ = {isa = PBXBuildFile; fileRef = 8AF76A85258B64FC00ED14C2 /* TechnieRankingCell.swift */; };
		8AF76A8E258B671500ED14C2 /* HeaderView.swift in Sources */ = {isa = PBXBuildFile; fileRef = 8AF76A8D258B671500ED14C2 /* HeaderView.swift */; };
/* End PBXBuildFile section */

/* Begin PBXContainerItemProxy section */
		8AC1B136258A2D8F000F2569 /* PBXContainerItemProxy */ = {
			isa = PBXContainerItemProxy;
			containerPortal = 8AC1B117258A2D8D000F2569 /* Project object */;
			proxyType = 1;
			remoteGlobalIDString = 8AC1B11E258A2D8D000F2569;
			remoteInfo = Technie;
		};
		8AC1B141258A2D8F000F2569 /* PBXContainerItemProxy */ = {
			isa = PBXContainerItemProxy;
			containerPortal = 8AC1B117258A2D8D000F2569 /* Project object */;
			proxyType = 1;
			remoteGlobalIDString = 8AC1B11E258A2D8D000F2569;
			remoteInfo = Technie;
		};
/* End PBXContainerItemProxy section */

/* Begin PBXFileReference section */
		8A60EEBA258CDB2E0061A830 /* LivePreview.swift */ = {isa = PBXFileReference; lastKnownFileType = sourcecode.swift; path = LivePreview.swift; sourceTree = "<group>"; };
		8A76FA4E258DE3EF0094C524 /* RankedTechnieVC.swift */ = {isa = PBXFileReference; lastKnownFileType = sourcecode.swift; path = RankedTechnieVC.swift; sourceTree = "<group>"; };
		8A76FA56258DEBB20094C524 /* FullRankingVC.swift */ = {isa = PBXFileReference; lastKnownFileType = sourcecode.swift; path = FullRankingVC.swift; sourceTree = "<group>"; };
		8A76FA5E258DF2F40094C524 /* NearbyDetailVC.swift */ = {isa = PBXFileReference; lastKnownFileType = sourcecode.swift; path = NearbyDetailVC.swift; sourceTree = "<group>"; };
		8A76FA66258E1CDF0094C524 /* SearchResultCell.swift */ = {isa = PBXFileReference; lastKnownFileType = sourcecode.swift; path = SearchResultCell.swift; sourceTree = "<group>"; };
		8A8F8520258A353500C4CEF9 /* ClientSearchVC.swift */ = {isa = PBXFileReference; lastKnownFileType = sourcecode.swift; path = ClientSearchVC.swift; sourceTree = "<group>"; };
		8A8F8525258A355700C4CEF9 /* ClientPostVC.swift */ = {isa = PBXFileReference; lastKnownFileType = sourcecode.swift; path = ClientPostVC.swift; sourceTree = "<group>"; };
		8A8F852D258A357200C4CEF9 /* ClientChatVC.swift */ = {isa = PBXFileReference; lastKnownFileType = sourcecode.swift; path = ClientChatVC.swift; sourceTree = "<group>"; };
		8A8F8532258A358400C4CEF9 /* ClientNotificationVC.swift */ = {isa = PBXFileReference; lastKnownFileType = sourcecode.swift; path = ClientNotificationVC.swift; sourceTree = "<group>"; };
		8A8F8537258A38CC00C4CEF9 /* TechnieSearchVC.swift */ = {isa = PBXFileReference; lastKnownFileType = sourcecode.swift; path = TechnieSearchVC.swift; sourceTree = "<group>"; };
		8A8F8538258A38CC00C4CEF9 /* TechnieTabController.swift */ = {isa = PBXFileReference; lastKnownFileType = sourcecode.swift; path = TechnieTabController.swift; sourceTree = "<group>"; };
		8A8F8539258A38CC00C4CEF9 /* TechnieFeedVC.swift */ = {isa = PBXFileReference; lastKnownFileType = sourcecode.swift; path = TechnieFeedVC.swift; sourceTree = "<group>"; };
		8A8F853A258A38CC00C4CEF9 /* TechnieServiceVC.swift */ = {isa = PBXFileReference; lastKnownFileType = sourcecode.swift; path = TechnieServiceVC.swift; sourceTree = "<group>"; };
		8A8F853B258A38CC00C4CEF9 /* TechnieNotificationVC.swift */ = {isa = PBXFileReference; lastKnownFileType = sourcecode.swift; path = TechnieNotificationVC.swift; sourceTree = "<group>"; };
		8A8F853C258A38CC00C4CEF9 /* TechnieChatVC.swift */ = {isa = PBXFileReference; lastKnownFileType = sourcecode.swift; path = TechnieChatVC.swift; sourceTree = "<group>"; };
		8A8F854D258A3D0500C4CEF9 /* NearbyTechniesCell.swift */ = {isa = PBXFileReference; lastKnownFileType = sourcecode.swift; path = NearbyTechniesCell.swift; sourceTree = "<group>"; };
		8AC1B11F258A2D8D000F2569 /* Technie.app */ = {isa = PBXFileReference; explicitFileType = wrapper.application; includeInIndex = 0; path = Technie.app; sourceTree = BUILT_PRODUCTS_DIR; };
		8AC1B122258A2D8D000F2569 /* AppDelegate.swift */ = {isa = PBXFileReference; lastKnownFileType = sourcecode.swift; path = AppDelegate.swift; sourceTree = "<group>"; };
		8AC1B124258A2D8D000F2569 /* SceneDelegate.swift */ = {isa = PBXFileReference; lastKnownFileType = sourcecode.swift; path = SceneDelegate.swift; sourceTree = "<group>"; };
		8AC1B126258A2D8D000F2569 /* ClientFeedVC.swift */ = {isa = PBXFileReference; lastKnownFileType = sourcecode.swift; path = ClientFeedVC.swift; sourceTree = "<group>"; };
		8AC1B12B258A2D8F000F2569 /* Assets.xcassets */ = {isa = PBXFileReference; lastKnownFileType = folder.assetcatalog; path = Assets.xcassets; sourceTree = "<group>"; };
		8AC1B12E258A2D8F000F2569 /* Base */ = {isa = PBXFileReference; lastKnownFileType = file.storyboard; name = Base; path = Base.lproj/LaunchScreen.storyboard; sourceTree = "<group>"; };
		8AC1B130258A2D8F000F2569 /* Info.plist */ = {isa = PBXFileReference; lastKnownFileType = text.plist.xml; path = Info.plist; sourceTree = "<group>"; };
		8AC1B135258A2D8F000F2569 /* TechnieTests.xctest */ = {isa = PBXFileReference; explicitFileType = wrapper.cfbundle; includeInIndex = 0; path = TechnieTests.xctest; sourceTree = BUILT_PRODUCTS_DIR; };
		8AC1B139258A2D8F000F2569 /* TechnieTests.swift */ = {isa = PBXFileReference; lastKnownFileType = sourcecode.swift; path = TechnieTests.swift; sourceTree = "<group>"; };
		8AC1B13B258A2D8F000F2569 /* Info.plist */ = {isa = PBXFileReference; lastKnownFileType = text.plist.xml; path = Info.plist; sourceTree = "<group>"; };
		8AC1B140258A2D8F000F2569 /* TechnieUITests.xctest */ = {isa = PBXFileReference; explicitFileType = wrapper.cfbundle; includeInIndex = 0; path = TechnieUITests.xctest; sourceTree = BUILT_PRODUCTS_DIR; };
		8AC1B144258A2D8F000F2569 /* TechnieUITests.swift */ = {isa = PBXFileReference; lastKnownFileType = sourcecode.swift; path = TechnieUITests.swift; sourceTree = "<group>"; };
		8AC1B146258A2D8F000F2569 /* Info.plist */ = {isa = PBXFileReference; lastKnownFileType = text.plist.xml; path = Info.plist; sourceTree = "<group>"; };
		8AE258A5258A3156004EDB26 /* ClientTabController.swift */ = {isa = PBXFileReference; lastKnownFileType = sourcecode.swift; path = ClientTabController.swift; sourceTree = "<group>"; };
		8AF76A4D258B0B0700ED14C2 /* UserProfileVC.swift */ = {isa = PBXFileReference; lastKnownFileType = sourcecode.swift; path = UserProfileVC.swift; sourceTree = "<group>"; };
		8AF76A52258B23BF00ED14C2 /* FeedCell2.swift */ = {isa = PBXFileReference; lastKnownFileType = sourcecode.swift; path = FeedCell2.swift; sourceTree = "<group>"; };
		8AF76A6F258B440D00ED14C2 /* KeyboardLayoutConstraint.swift */ = {isa = PBXFileReference; fileEncoding = 4; lastKnownFileType = sourcecode.swift; path = KeyboardLayoutConstraint.swift; sourceTree = "<group>"; };
		8AF76A70258B440D00ED14C2 /* UIFeedBackGenerator.swift */ = {isa = PBXFileReference; fileEncoding = 4; lastKnownFileType = sourcecode.swift; path = UIFeedBackGenerator.swift; sourceTree = "<group>"; };
		8AF76A71258B440D00ED14C2 /* TrashBinCode.swift */ = {isa = PBXFileReference; fileEncoding = 4; lastKnownFileType = sourcecode.swift; path = TrashBinCode.swift; sourceTree = "<group>"; };
		8AF76A72258B440D00ED14C2 /* MyActivityIndicator.swift */ = {isa = PBXFileReference; fileEncoding = 4; lastKnownFileType = sourcecode.swift; path = MyActivityIndicator.swift; sourceTree = "<group>"; };
		8AF76A73258B440D00ED14C2 /* Extensions.swift */ = {isa = PBXFileReference; fileEncoding = 4; lastKnownFileType = sourcecode.swift; path = Extensions.swift; sourceTree = "<group>"; };
		8AF76A74258B440D00ED14C2 /* Typealias.swift */ = {isa = PBXFileReference; fileEncoding = 4; lastKnownFileType = sourcecode.swift; path = Typealias.swift; sourceTree = "<group>"; };
		8AF76A75258B440D00ED14C2 /* SpeechService.swift */ = {isa = PBXFileReference; fileEncoding = 4; lastKnownFileType = sourcecode.swift; path = SpeechService.swift; sourceTree = "<group>"; };
		8AF76A76258B440D00ED14C2 /* UIScrollView+.swift */ = {isa = PBXFileReference; fileEncoding = 4; lastKnownFileType = sourcecode.swift; path = "UIScrollView+.swift"; sourceTree = "<group>"; };
		8AF76A85258B64FC00ED14C2 /* TechnieRankingCell.swift */ = {isa = PBXFileReference; lastKnownFileType = sourcecode.swift; path = TechnieRankingCell.swift; sourceTree = "<group>"; };
		8AF76A8D258B671500ED14C2 /* HeaderView.swift */ = {isa = PBXFileReference; lastKnownFileType = sourcecode.swift; path = HeaderView.swift; sourceTree = "<group>"; };
/* End PBXFileReference section */

/* Begin PBXFrameworksBuildPhase section */
		8AC1B11C258A2D8D000F2569 /* Frameworks */ = {
			isa = PBXFrameworksBuildPhase;
			buildActionMask = 2147483647;
			files = (
				8A8F8554258A408700C4CEF9 /* LBTATools in Frameworks */,
			);
			runOnlyForDeploymentPostprocessing = 0;
		};
		8AC1B132258A2D8F000F2569 /* Frameworks */ = {
			isa = PBXFrameworksBuildPhase;
			buildActionMask = 2147483647;
			files = (
			);
			runOnlyForDeploymentPostprocessing = 0;
		};
		8AC1B13D258A2D8F000F2569 /* Frameworks */ = {
			isa = PBXFrameworksBuildPhase;
			buildActionMask = 2147483647;
			files = (
			);
			runOnlyForDeploymentPostprocessing = 0;
		};
/* End PBXFrameworksBuildPhase section */

/* Begin PBXGroup section */
		8A76FA6E258E1D300094C524 /* Cells */ = {
			isa = PBXGroup;
			children = (
				8AF76A8D258B671500ED14C2 /* HeaderView.swift */,
				8A76FA66258E1CDF0094C524 /* SearchResultCell.swift */,
				8AF76A85258B64FC00ED14C2 /* TechnieRankingCell.swift */,
				8A8F854D258A3D0500C4CEF9 /* NearbyTechniesCell.swift */,
				8AF76A52258B23BF00ED14C2 /* FeedCell2.swift */,
			);
			path = Cells;
			sourceTree = "<group>";
		};
		8A8F8543258A3BBA00C4CEF9 /* FeedVC */ = {
			isa = PBXGroup;
			children = (
				8AC1B126258A2D8D000F2569 /* ClientFeedVC.swift */,
				8A76FA4E258DE3EF0094C524 /* RankedTechnieVC.swift */,
				8A76FA56258DEBB20094C524 /* FullRankingVC.swift */,
				8A76FA5E258DF2F40094C524 /* NearbyDetailVC.swift */,
				8A76FA6E258E1D300094C524 /* Cells */,
			);
			path = FeedVC;
			sourceTree = "<group>";
		};
		8A8F8544258A3BCC00C4CEF9 /* SearchVC */ = {
			isa = PBXGroup;
			children = (
				8A8F8520258A353500C4CEF9 /* ClientSearchVC.swift */,
			);
			path = SearchVC;
			sourceTree = "<group>";
		};
		8A8F8545258A3BD600C4CEF9 /* PostVC */ = {
			isa = PBXGroup;
			children = (
				8A8F8525258A355700C4CEF9 /* ClientPostVC.swift */,
			);
			path = PostVC;
			sourceTree = "<group>";
		};
		8A8F8546258A3BE100C4CEF9 /* ChatVC */ = {
			isa = PBXGroup;
			children = (
				8A8F852D258A357200C4CEF9 /* ClientChatVC.swift */,
			);
			path = ChatVC;
			sourceTree = "<group>";
		};
		8A8F8547258A3BE900C4CEF9 /* NotificationVC */ = {
			isa = PBXGroup;
			children = (
				8A8F8532258A358400C4CEF9 /* ClientNotificationVC.swift */,
			);
			path = NotificationVC;
			sourceTree = "<group>";
		};
		8A8F8548258A3C3100C4CEF9 /* FeedVC */ = {
			isa = PBXGroup;
			children = (
				8A8F8539258A38CC00C4CEF9 /* TechnieFeedVC.swift */,
			);
			path = FeedVC;
			sourceTree = "<group>";
		};
		8A8F8549258A3C3900C4CEF9 /* SearchVC */ = {
			isa = PBXGroup;
			children = (
				8A8F8537258A38CC00C4CEF9 /* TechnieSearchVC.swift */,
			);
			path = SearchVC;
			sourceTree = "<group>";
		};
		8A8F854A258A3C4400C4CEF9 /* ChatVC */ = {
			isa = PBXGroup;
			children = (
				8A8F853C258A38CC00C4CEF9 /* TechnieChatVC.swift */,
			);
			path = ChatVC;
			sourceTree = "<group>";
		};
		8A8F854B258A3C4D00C4CEF9 /* ServiceVC */ = {
			isa = PBXGroup;
			children = (
				8A8F853A258A38CC00C4CEF9 /* TechnieServiceVC.swift */,
			);
			path = ServiceVC;
			sourceTree = "<group>";
		};
		8A8F854C258A3C5600C4CEF9 /* NotificationVC */ = {
			isa = PBXGroup;
			children = (
				8A8F853B258A38CC00C4CEF9 /* TechnieNotificationVC.swift */,
			);
			path = NotificationVC;
			sourceTree = "<group>";
		};
		8AC1B116258A2D8D000F2569 = {
			isa = PBXGroup;
			children = (
				8AC1B121258A2D8D000F2569 /* Technie */,
				8AC1B138258A2D8F000F2569 /* TechnieTests */,
				8AC1B143258A2D8F000F2569 /* TechnieUITests */,
				8AC1B120258A2D8D000F2569 /* Products */,
			);
			sourceTree = "<group>";
		};
		8AC1B120258A2D8D000F2569 /* Products */ = {
			isa = PBXGroup;
			children = (
				8AC1B11F258A2D8D000F2569 /* Technie.app */,
				8AC1B135258A2D8F000F2569 /* TechnieTests.xctest */,
				8AC1B140258A2D8F000F2569 /* TechnieUITests.xctest */,
			);
			name = Products;
			sourceTree = "<group>";
		};
		8AC1B121258A2D8D000F2569 /* Technie */ = {
			isa = PBXGroup;
			children = (
				8AC1B130258A2D8F000F2569 /* Info.plist */,
				8AC1B155258A2DAB000F2569 /* App */,
				8AC1B15C258A2E05000F2569 /* Model */,
				8AC1B15D258A2E18000F2569 /* View */,
				8AC1B15E258A2E29000F2569 /* ViewModel */,
			);
			path = Technie;
			sourceTree = "<group>";
		};
		8AC1B138258A2D8F000F2569 /* TechnieTests */ = {
			isa = PBXGroup;
			children = (
				8AC1B139258A2D8F000F2569 /* TechnieTests.swift */,
				8AC1B13B258A2D8F000F2569 /* Info.plist */,
			);
			path = TechnieTests;
			sourceTree = "<group>";
		};
		8AC1B143258A2D8F000F2569 /* TechnieUITests */ = {
			isa = PBXGroup;
			children = (
				8AC1B144258A2D8F000F2569 /* TechnieUITests.swift */,
				8AC1B146258A2D8F000F2569 /* Info.plist */,
			);
			path = TechnieUITests;
			sourceTree = "<group>";
		};
		8AC1B155258A2DAB000F2569 /* App */ = {
			isa = PBXGroup;
			children = (
				8AF76A6E258B440D00ED14C2 /* utils */,
				8AC1B122258A2D8D000F2569 /* AppDelegate.swift */,
				8AC1B124258A2D8D000F2569 /* SceneDelegate.swift */,
				8AC1B12B258A2D8F000F2569 /* Assets.xcassets */,
				8AC1B12D258A2D8F000F2569 /* LaunchScreen.storyboard */,
			);
			path = App;
			sourceTree = "<group>";
		};
		8AC1B15C258A2E05000F2569 /* Model */ = {
			isa = PBXGroup;
			children = (
				8AE258A1258A30AD004EDB26 /* TechnieModel */,
				8AE2589D258A3074004EDB26 /* ClientModel */,
			);
			path = Model;
			sourceTree = "<group>";
		};
		8AC1B15D258A2E18000F2569 /* View */ = {
			isa = PBXGroup;
			children = (
				8A60EEBA258CDB2E0061A830 /* LivePreview.swift */,
				8AE258A0258A30A2004EDB26 /* TechnieView */,
				8AE2589C258A305D004EDB26 /* ClientView */,
			);
			path = View;
			sourceTree = "<group>";
		};
		8AC1B15E258A2E29000F2569 /* ViewModel */ = {
			isa = PBXGroup;
			children = (
				8AE2589F258A308B004EDB26 /* TechnieViewModel */,
				8AE2589E258A307F004EDB26 /* ClientViewModel */,
			);
			path = ViewModel;
			sourceTree = "<group>";
		};
		8AE2589C258A305D004EDB26 /* ClientView */ = {
			isa = PBXGroup;
			children = (
				8AE258A5258A3156004EDB26 /* ClientTabController.swift */,
				8AF76A4B258B0AC800ED14C2 /* ClientProfile */,
				8A8F8543258A3BBA00C4CEF9 /* FeedVC */,
				8A8F8544258A3BCC00C4CEF9 /* SearchVC */,
				8A8F8545258A3BD600C4CEF9 /* PostVC */,
				8A8F8546258A3BE100C4CEF9 /* ChatVC */,
				8A8F8547258A3BE900C4CEF9 /* NotificationVC */,
			);
			path = ClientView;
			sourceTree = "<group>";
		};
		8AE2589D258A3074004EDB26 /* ClientModel */ = {
			isa = PBXGroup;
			children = (
			);
			path = ClientModel;
			sourceTree = "<group>";
		};
		8AE2589E258A307F004EDB26 /* ClientViewModel */ = {
			isa = PBXGroup;
			children = (
			);
			path = ClientViewModel;
			sourceTree = "<group>";
		};
		8AE2589F258A308B004EDB26 /* TechnieViewModel */ = {
			isa = PBXGroup;
			children = (
			);
			path = TechnieViewModel;
			sourceTree = "<group>";
		};
		8AE258A0258A30A2004EDB26 /* TechnieView */ = {
			isa = PBXGroup;
			children = (
				8A8F8538258A38CC00C4CEF9 /* TechnieTabController.swift */,
				8AF76A4C258B0ADF00ED14C2 /* TechnieProfile */,
				8A8F8548258A3C3100C4CEF9 /* FeedVC */,
				8A8F8549258A3C3900C4CEF9 /* SearchVC */,
				8A8F854B258A3C4D00C4CEF9 /* ServiceVC */,
				8A8F854A258A3C4400C4CEF9 /* ChatVC */,
				8A8F854C258A3C5600C4CEF9 /* NotificationVC */,
			);
			path = TechnieView;
			sourceTree = "<group>";
		};
		8AE258A1258A30AD004EDB26 /* TechnieModel */ = {
			isa = PBXGroup;
			children = (
			);
			path = TechnieModel;
			sourceTree = "<group>";
		};
		8AF76A4B258B0AC800ED14C2 /* ClientProfile */ = {
			isa = PBXGroup;
			children = (
				8AF76A4D258B0B0700ED14C2 /* UserProfileVC.swift */,
			);
			path = ClientProfile;
			sourceTree = "<group>";
		};
		8AF76A4C258B0ADF00ED14C2 /* TechnieProfile */ = {
			isa = PBXGroup;
			children = (
			);
			path = TechnieProfile;
			sourceTree = "<group>";
		};
		8AF76A6E258B440D00ED14C2 /* utils */ = {
			isa = PBXGroup;
			children = (
				8AF76A6F258B440D00ED14C2 /* KeyboardLayoutConstraint.swift */,
				8AF76A70258B440D00ED14C2 /* UIFeedBackGenerator.swift */,
				8AF76A71258B440D00ED14C2 /* TrashBinCode.swift */,
				8AF76A72258B440D00ED14C2 /* MyActivityIndicator.swift */,
				8AF76A73258B440D00ED14C2 /* Extensions.swift */,
				8AF76A74258B440D00ED14C2 /* Typealias.swift */,
				8AF76A75258B440D00ED14C2 /* SpeechService.swift */,
				8AF76A76258B440D00ED14C2 /* UIScrollView+.swift */,
			);
			path = utils;
			sourceTree = "<group>";
		};
/* End PBXGroup section */

/* Begin PBXNativeTarget section */
		8AC1B11E258A2D8D000F2569 /* Technie */ = {
			isa = PBXNativeTarget;
			buildConfigurationList = 8AC1B149258A2D8F000F2569 /* Build configuration list for PBXNativeTarget "Technie" */;
			buildPhases = (
				8AC1B11B258A2D8D000F2569 /* Sources */,
				8AC1B11C258A2D8D000F2569 /* Frameworks */,
				8AC1B11D258A2D8D000F2569 /* Resources */,
			);
			buildRules = (
			);
			dependencies = (
			);
			name = Technie;
			packageProductDependencies = (
				8A8F8553258A408700C4CEF9 /* LBTATools */,
			);
			productName = Technie;
			productReference = 8AC1B11F258A2D8D000F2569 /* Technie.app */;
			productType = "com.apple.product-type.application";
		};
		8AC1B134258A2D8F000F2569 /* TechnieTests */ = {
			isa = PBXNativeTarget;
			buildConfigurationList = 8AC1B14C258A2D8F000F2569 /* Build configuration list for PBXNativeTarget "TechnieTests" */;
			buildPhases = (
				8AC1B131258A2D8F000F2569 /* Sources */,
				8AC1B132258A2D8F000F2569 /* Frameworks */,
				8AC1B133258A2D8F000F2569 /* Resources */,
			);
			buildRules = (
			);
			dependencies = (
				8AC1B137258A2D8F000F2569 /* PBXTargetDependency */,
			);
			name = TechnieTests;
			productName = TechnieTests;
			productReference = 8AC1B135258A2D8F000F2569 /* TechnieTests.xctest */;
			productType = "com.apple.product-type.bundle.unit-test";
		};
		8AC1B13F258A2D8F000F2569 /* TechnieUITests */ = {
			isa = PBXNativeTarget;
			buildConfigurationList = 8AC1B14F258A2D8F000F2569 /* Build configuration list for PBXNativeTarget "TechnieUITests" */;
			buildPhases = (
				8AC1B13C258A2D8F000F2569 /* Sources */,
				8AC1B13D258A2D8F000F2569 /* Frameworks */,
				8AC1B13E258A2D8F000F2569 /* Resources */,
			);
			buildRules = (
			);
			dependencies = (
				8AC1B142258A2D8F000F2569 /* PBXTargetDependency */,
			);
			name = TechnieUITests;
			productName = TechnieUITests;
			productReference = 8AC1B140258A2D8F000F2569 /* TechnieUITests.xctest */;
			productType = "com.apple.product-type.bundle.ui-testing";
		};
/* End PBXNativeTarget section */

/* Begin PBXProject section */
		8AC1B117258A2D8D000F2569 /* Project object */ = {
			isa = PBXProject;
			attributes = {
				LastSwiftUpdateCheck = 1210;
				LastUpgradeCheck = 1210;
				TargetAttributes = {
					8AC1B11E258A2D8D000F2569 = {
						CreatedOnToolsVersion = 12.1;
					};
					8AC1B134258A2D8F000F2569 = {
						CreatedOnToolsVersion = 12.1;
						TestTargetID = 8AC1B11E258A2D8D000F2569;
					};
					8AC1B13F258A2D8F000F2569 = {
						CreatedOnToolsVersion = 12.1;
						TestTargetID = 8AC1B11E258A2D8D000F2569;
					};
				};
			};
			buildConfigurationList = 8AC1B11A258A2D8D000F2569 /* Build configuration list for PBXProject "Technie" */;
			compatibilityVersion = "Xcode 9.3";
			developmentRegion = en;
			hasScannedForEncodings = 0;
			knownRegions = (
				en,
				Base,
			);
			mainGroup = 8AC1B116258A2D8D000F2569;
			packageReferences = (
				8A8F8552258A408700C4CEF9 /* XCRemoteSwiftPackageReference "LBTATools" */,
			);
			productRefGroup = 8AC1B120258A2D8D000F2569 /* Products */;
			projectDirPath = "";
			projectRoot = "";
			targets = (
				8AC1B11E258A2D8D000F2569 /* Technie */,
				8AC1B134258A2D8F000F2569 /* TechnieTests */,
				8AC1B13F258A2D8F000F2569 /* TechnieUITests */,
			);
		};
/* End PBXProject section */

/* Begin PBXResourcesBuildPhase section */
		8AC1B11D258A2D8D000F2569 /* Resources */ = {
			isa = PBXResourcesBuildPhase;
			buildActionMask = 2147483647;
			files = (
				8AC1B12F258A2D8F000F2569 /* LaunchScreen.storyboard in Resources */,
				8AC1B12C258A2D8F000F2569 /* Assets.xcassets in Resources */,
			);
			runOnlyForDeploymentPostprocessing = 0;
		};
		8AC1B133258A2D8F000F2569 /* Resources */ = {
			isa = PBXResourcesBuildPhase;
			buildActionMask = 2147483647;
			files = (
			);
			runOnlyForDeploymentPostprocessing = 0;
		};
		8AC1B13E258A2D8F000F2569 /* Resources */ = {
			isa = PBXResourcesBuildPhase;
			buildActionMask = 2147483647;
			files = (
			);
			runOnlyForDeploymentPostprocessing = 0;
		};
/* End PBXResourcesBuildPhase section */

/* Begin PBXSourcesBuildPhase section */
		8AC1B11B258A2D8D000F2569 /* Sources */ = {
			isa = PBXSourcesBuildPhase;
			buildActionMask = 2147483647;
			files = (
				8AC1B127258A2D8D000F2569 /* ClientFeedVC.swift in Sources */,
				8AC1B123258A2D8D000F2569 /* AppDelegate.swift in Sources */,
				8AF76A7A258B440D00ED14C2 /* MyActivityIndicator.swift in Sources */,
				8AE258A6258A3156004EDB26 /* ClientTabController.swift in Sources */,
				8AF76A4E258B0B0700ED14C2 /* UserProfileVC.swift in Sources */,
				8AF76A7D258B440D00ED14C2 /* SpeechService.swift in Sources */,
				8A76FA67258E1CDF0094C524 /* SearchResultCell.swift in Sources */,
				8A8F852E258A357200C4CEF9 /* ClientChatVC.swift in Sources */,
				8AF76A77258B440D00ED14C2 /* KeyboardLayoutConstraint.swift in Sources */,
				8A8F8533258A358400C4CEF9 /* ClientNotificationVC.swift in Sources */,
				8AF76A86258B64FC00ED14C2 /* TechnieRankingCell.swift in Sources */,
				8A60EEBB258CDB2E0061A830 /* LivePreview.swift in Sources */,
				8A76FA4F258DE3EF0094C524 /* RankedTechnieVC.swift in Sources */,
				8A76FA57258DEBB20094C524 /* FullRankingVC.swift in Sources */,
				8AF76A8E258B671500ED14C2 /* HeaderView.swift in Sources */,
				8AF76A79258B440D00ED14C2 /* TrashBinCode.swift in Sources */,
				8AF76A78258B440D00ED14C2 /* UIFeedBackGenerator.swift in Sources */,
				8A8F8521258A353500C4CEF9 /* ClientSearchVC.swift in Sources */,
				8AF76A7B258B440D00ED14C2 /* Extensions.swift in Sources */,
				8AC1B125258A2D8D000F2569 /* SceneDelegate.swift in Sources */,
				8AF76A7C258B440D00ED14C2 /* Typealias.swift in Sources */,
				8A76FA5F258DF2F40094C524 /* NearbyDetailVC.swift in Sources */,
				8A8F8526258A355700C4CEF9 /* ClientPostVC.swift in Sources */,
				8AF76A53258B23BF00ED14C2 /* FeedCell2.swift in Sources */,
				8A8F854E258A3D0500C4CEF9 /* NearbyTechniesCell.swift in Sources */,
				8AF76A7E258B440D00ED14C2 /* UIScrollView+.swift in Sources */,
			);
			runOnlyForDeploymentPostprocessing = 0;
		};
		8AC1B131258A2D8F000F2569 /* Sources */ = {
			isa = PBXSourcesBuildPhase;
			buildActionMask = 2147483647;
			files = (
				8AC1B13A258A2D8F000F2569 /* TechnieTests.swift in Sources */,
			);
			runOnlyForDeploymentPostprocessing = 0;
		};
		8AC1B13C258A2D8F000F2569 /* Sources */ = {
			isa = PBXSourcesBuildPhase;
			buildActionMask = 2147483647;
			files = (
				8AC1B145258A2D8F000F2569 /* TechnieUITests.swift in Sources */,
			);
			runOnlyForDeploymentPostprocessing = 0;
		};
/* End PBXSourcesBuildPhase section */

/* Begin PBXTargetDependency section */
		8AC1B137258A2D8F000F2569 /* PBXTargetDependency */ = {
			isa = PBXTargetDependency;
			target = 8AC1B11E258A2D8D000F2569 /* Technie */;
			targetProxy = 8AC1B136258A2D8F000F2569 /* PBXContainerItemProxy */;
		};
		8AC1B142258A2D8F000F2569 /* PBXTargetDependency */ = {
			isa = PBXTargetDependency;
			target = 8AC1B11E258A2D8D000F2569 /* Technie */;
			targetProxy = 8AC1B141258A2D8F000F2569 /* PBXContainerItemProxy */;
		};
/* End PBXTargetDependency section */

/* Begin PBXVariantGroup section */
		8AC1B12D258A2D8F000F2569 /* LaunchScreen.storyboard */ = {
			isa = PBXVariantGroup;
			children = (
				8AC1B12E258A2D8F000F2569 /* Base */,
			);
			name = LaunchScreen.storyboard;
			sourceTree = "<group>";
		};
/* End PBXVariantGroup section */

/* Begin XCBuildConfiguration section */
		8AC1B147258A2D8F000F2569 /* Debug */ = {
			isa = XCBuildConfiguration;
			buildSettings = {
				ALWAYS_SEARCH_USER_PATHS = NO;
				CLANG_ANALYZER_NONNULL = YES;
				CLANG_ANALYZER_NUMBER_OBJECT_CONVERSION = YES_AGGRESSIVE;
				CLANG_CXX_LANGUAGE_STANDARD = "gnu++14";
				CLANG_CXX_LIBRARY = "libc++";
				CLANG_ENABLE_MODULES = YES;
				CLANG_ENABLE_OBJC_ARC = YES;
				CLANG_ENABLE_OBJC_WEAK = YES;
				CLANG_WARN_BLOCK_CAPTURE_AUTORELEASING = YES;
				CLANG_WARN_BOOL_CONVERSION = YES;
				CLANG_WARN_COMMA = YES;
				CLANG_WARN_CONSTANT_CONVERSION = YES;
				CLANG_WARN_DEPRECATED_OBJC_IMPLEMENTATIONS = YES;
				CLANG_WARN_DIRECT_OBJC_ISA_USAGE = YES_ERROR;
				CLANG_WARN_DOCUMENTATION_COMMENTS = YES;
				CLANG_WARN_EMPTY_BODY = YES;
				CLANG_WARN_ENUM_CONVERSION = YES;
				CLANG_WARN_INFINITE_RECURSION = YES;
				CLANG_WARN_INT_CONVERSION = YES;
				CLANG_WARN_NON_LITERAL_NULL_CONVERSION = YES;
				CLANG_WARN_OBJC_IMPLICIT_RETAIN_SELF = YES;
				CLANG_WARN_OBJC_LITERAL_CONVERSION = YES;
				CLANG_WARN_OBJC_ROOT_CLASS = YES_ERROR;
				CLANG_WARN_QUOTED_INCLUDE_IN_FRAMEWORK_HEADER = YES;
				CLANG_WARN_RANGE_LOOP_ANALYSIS = YES;
				CLANG_WARN_STRICT_PROTOTYPES = YES;
				CLANG_WARN_SUSPICIOUS_MOVE = YES;
				CLANG_WARN_UNGUARDED_AVAILABILITY = YES_AGGRESSIVE;
				CLANG_WARN_UNREACHABLE_CODE = YES;
				CLANG_WARN__DUPLICATE_METHOD_MATCH = YES;
				COPY_PHASE_STRIP = NO;
				DEBUG_INFORMATION_FORMAT = dwarf;
				ENABLE_STRICT_OBJC_MSGSEND = YES;
				ENABLE_TESTABILITY = YES;
				GCC_C_LANGUAGE_STANDARD = gnu11;
				GCC_DYNAMIC_NO_PIC = NO;
				GCC_NO_COMMON_BLOCKS = YES;
				GCC_OPTIMIZATION_LEVEL = 0;
				GCC_PREPROCESSOR_DEFINITIONS = (
					"DEBUG=1",
					"$(inherited)",
				);
				GCC_WARN_64_TO_32_BIT_CONVERSION = YES;
				GCC_WARN_ABOUT_RETURN_TYPE = YES_ERROR;
				GCC_WARN_UNDECLARED_SELECTOR = YES;
				GCC_WARN_UNINITIALIZED_AUTOS = YES_AGGRESSIVE;
				GCC_WARN_UNUSED_FUNCTION = YES;
				GCC_WARN_UNUSED_VARIABLE = YES;
				IPHONEOS_DEPLOYMENT_TARGET = 14.1;
				MTL_ENABLE_DEBUG_INFO = INCLUDE_SOURCE;
				MTL_FAST_MATH = YES;
				ONLY_ACTIVE_ARCH = YES;
				SDKROOT = iphoneos;
				SWIFT_ACTIVE_COMPILATION_CONDITIONS = DEBUG;
				SWIFT_OPTIMIZATION_LEVEL = "-Onone";
			};
			name = Debug;
		};
		8AC1B148258A2D8F000F2569 /* Release */ = {
			isa = XCBuildConfiguration;
			buildSettings = {
				ALWAYS_SEARCH_USER_PATHS = NO;
				CLANG_ANALYZER_NONNULL = YES;
				CLANG_ANALYZER_NUMBER_OBJECT_CONVERSION = YES_AGGRESSIVE;
				CLANG_CXX_LANGUAGE_STANDARD = "gnu++14";
				CLANG_CXX_LIBRARY = "libc++";
				CLANG_ENABLE_MODULES = YES;
				CLANG_ENABLE_OBJC_ARC = YES;
				CLANG_ENABLE_OBJC_WEAK = YES;
				CLANG_WARN_BLOCK_CAPTURE_AUTORELEASING = YES;
				CLANG_WARN_BOOL_CONVERSION = YES;
				CLANG_WARN_COMMA = YES;
				CLANG_WARN_CONSTANT_CONVERSION = YES;
				CLANG_WARN_DEPRECATED_OBJC_IMPLEMENTATIONS = YES;
				CLANG_WARN_DIRECT_OBJC_ISA_USAGE = YES_ERROR;
				CLANG_WARN_DOCUMENTATION_COMMENTS = YES;
				CLANG_WARN_EMPTY_BODY = YES;
				CLANG_WARN_ENUM_CONVERSION = YES;
				CLANG_WARN_INFINITE_RECURSION = YES;
				CLANG_WARN_INT_CONVERSION = YES;
				CLANG_WARN_NON_LITERAL_NULL_CONVERSION = YES;
				CLANG_WARN_OBJC_IMPLICIT_RETAIN_SELF = YES;
				CLANG_WARN_OBJC_LITERAL_CONVERSION = YES;
				CLANG_WARN_OBJC_ROOT_CLASS = YES_ERROR;
				CLANG_WARN_QUOTED_INCLUDE_IN_FRAMEWORK_HEADER = YES;
				CLANG_WARN_RANGE_LOOP_ANALYSIS = YES;
				CLANG_WARN_STRICT_PROTOTYPES = YES;
				CLANG_WARN_SUSPICIOUS_MOVE = YES;
				CLANG_WARN_UNGUARDED_AVAILABILITY = YES_AGGRESSIVE;
				CLANG_WARN_UNREACHABLE_CODE = YES;
				CLANG_WARN__DUPLICATE_METHOD_MATCH = YES;
				COPY_PHASE_STRIP = NO;
				DEBUG_INFORMATION_FORMAT = "dwarf-with-dsym";
				ENABLE_NS_ASSERTIONS = NO;
				ENABLE_STRICT_OBJC_MSGSEND = YES;
				GCC_C_LANGUAGE_STANDARD = gnu11;
				GCC_NO_COMMON_BLOCKS = YES;
				GCC_WARN_64_TO_32_BIT_CONVERSION = YES;
				GCC_WARN_ABOUT_RETURN_TYPE = YES_ERROR;
				GCC_WARN_UNDECLARED_SELECTOR = YES;
				GCC_WARN_UNINITIALIZED_AUTOS = YES_AGGRESSIVE;
				GCC_WARN_UNUSED_FUNCTION = YES;
				GCC_WARN_UNUSED_VARIABLE = YES;
				IPHONEOS_DEPLOYMENT_TARGET = 14.1;
				MTL_ENABLE_DEBUG_INFO = NO;
				MTL_FAST_MATH = YES;
				SDKROOT = iphoneos;
				SWIFT_COMPILATION_MODE = wholemodule;
				SWIFT_OPTIMIZATION_LEVEL = "-O";
				VALIDATE_PRODUCT = YES;
			};
			name = Release;
		};
		8AC1B14A258A2D8F000F2569 /* Debug */ = {
			isa = XCBuildConfiguration;
			buildSettings = {
				ASSETCATALOG_COMPILER_APPICON_NAME = AppIcon;
				ASSETCATALOG_COMPILER_GLOBAL_ACCENT_COLOR_NAME = AccentColor;
				CODE_SIGN_STYLE = Automatic;
				DEVELOPMENT_TEAM = P2QGR75A2K;
				INFOPLIST_FILE = Technie/Info.plist;
				LD_RUNPATH_SEARCH_PATHS = (
					"$(inherited)",
					"@executable_path/Frameworks",
				);
				PRODUCT_BUNDLE_IDENTIFIER = com.valterandremachado.Technie;
				PRODUCT_NAME = "$(TARGET_NAME)";
				SWIFT_VERSION = 5.0;
				TARGETED_DEVICE_FAMILY = "1,2";
			};
			name = Debug;
		};
		8AC1B14B258A2D8F000F2569 /* Release */ = {
			isa = XCBuildConfiguration;
			buildSettings = {
				ASSETCATALOG_COMPILER_APPICON_NAME = AppIcon;
				ASSETCATALOG_COMPILER_GLOBAL_ACCENT_COLOR_NAME = AccentColor;
				CODE_SIGN_STYLE = Automatic;
				DEVELOPMENT_TEAM = P2QGR75A2K;
				INFOPLIST_FILE = Technie/Info.plist;
				LD_RUNPATH_SEARCH_PATHS = (
					"$(inherited)",
					"@executable_path/Frameworks",
				);
				PRODUCT_BUNDLE_IDENTIFIER = com.valterandremachado.Technie;
				PRODUCT_NAME = "$(TARGET_NAME)";
				SWIFT_VERSION = 5.0;
				TARGETED_DEVICE_FAMILY = "1,2";
			};
			name = Release;
		};
		8AC1B14D258A2D8F000F2569 /* Debug */ = {
			isa = XCBuildConfiguration;
			buildSettings = {
				ALWAYS_EMBED_SWIFT_STANDARD_LIBRARIES = YES;
				BUNDLE_LOADER = "$(TEST_HOST)";
				CODE_SIGN_STYLE = Automatic;
				DEVELOPMENT_TEAM = P2QGR75A2K;
				INFOPLIST_FILE = TechnieTests/Info.plist;
				IPHONEOS_DEPLOYMENT_TARGET = 14.1;
				LD_RUNPATH_SEARCH_PATHS = (
					"$(inherited)",
					"@executable_path/Frameworks",
					"@loader_path/Frameworks",
				);
				PRODUCT_BUNDLE_IDENTIFIER = com.valterandremachado.TechnieTests;
				PRODUCT_NAME = "$(TARGET_NAME)";
				SWIFT_VERSION = 5.0;
				TARGETED_DEVICE_FAMILY = "1,2";
				TEST_HOST = "$(BUILT_PRODUCTS_DIR)/Technie.app/Technie";
			};
			name = Debug;
		};
		8AC1B14E258A2D8F000F2569 /* Release */ = {
			isa = XCBuildConfiguration;
			buildSettings = {
				ALWAYS_EMBED_SWIFT_STANDARD_LIBRARIES = YES;
				BUNDLE_LOADER = "$(TEST_HOST)";
				CODE_SIGN_STYLE = Automatic;
				DEVELOPMENT_TEAM = P2QGR75A2K;
				INFOPLIST_FILE = TechnieTests/Info.plist;
				IPHONEOS_DEPLOYMENT_TARGET = 14.1;
				LD_RUNPATH_SEARCH_PATHS = (
					"$(inherited)",
					"@executable_path/Frameworks",
					"@loader_path/Frameworks",
				);
				PRODUCT_BUNDLE_IDENTIFIER = com.valterandremachado.TechnieTests;
				PRODUCT_NAME = "$(TARGET_NAME)";
				SWIFT_VERSION = 5.0;
				TARGETED_DEVICE_FAMILY = "1,2";
				TEST_HOST = "$(BUILT_PRODUCTS_DIR)/Technie.app/Technie";
			};
			name = Release;
		};
		8AC1B150258A2D8F000F2569 /* Debug */ = {
			isa = XCBuildConfiguration;
			buildSettings = {
				ALWAYS_EMBED_SWIFT_STANDARD_LIBRARIES = YES;
				CODE_SIGN_STYLE = Automatic;
				DEVELOPMENT_TEAM = P2QGR75A2K;
				INFOPLIST_FILE = TechnieUITests/Info.plist;
				LD_RUNPATH_SEARCH_PATHS = (
					"$(inherited)",
					"@executable_path/Frameworks",
					"@loader_path/Frameworks",
				);
				PRODUCT_BUNDLE_IDENTIFIER = com.valterandremachado.TechnieUITests;
				PRODUCT_NAME = "$(TARGET_NAME)";
				SWIFT_VERSION = 5.0;
				TARGETED_DEVICE_FAMILY = "1,2";
				TEST_TARGET_NAME = Technie;
			};
			name = Debug;
		};
		8AC1B151258A2D8F000F2569 /* Release */ = {
			isa = XCBuildConfiguration;
			buildSettings = {
				ALWAYS_EMBED_SWIFT_STANDARD_LIBRARIES = YES;
				CODE_SIGN_STYLE = Automatic;
				DEVELOPMENT_TEAM = P2QGR75A2K;
				INFOPLIST_FILE = TechnieUITests/Info.plist;
				LD_RUNPATH_SEARCH_PATHS = (
					"$(inherited)",
					"@executable_path/Frameworks",
					"@loader_path/Frameworks",
				);
				PRODUCT_BUNDLE_IDENTIFIER = com.valterandremachado.TechnieUITests;
				PRODUCT_NAME = "$(TARGET_NAME)";
				SWIFT_VERSION = 5.0;
				TARGETED_DEVICE_FAMILY = "1,2";
				TEST_TARGET_NAME = Technie;
			};
			name = Release;
		};
/* End XCBuildConfiguration section */

/* Begin XCConfigurationList section */
		8AC1B11A258A2D8D000F2569 /* Build configuration list for PBXProject "Technie" */ = {
			isa = XCConfigurationList;
			buildConfigurations = (
				8AC1B147258A2D8F000F2569 /* Debug */,
				8AC1B148258A2D8F000F2569 /* Release */,
			);
			defaultConfigurationIsVisible = 0;
			defaultConfigurationName = Release;
		};
		8AC1B149258A2D8F000F2569 /* Build configuration list for PBXNativeTarget "Technie" */ = {
			isa = XCConfigurationList;
			buildConfigurations = (
				8AC1B14A258A2D8F000F2569 /* Debug */,
				8AC1B14B258A2D8F000F2569 /* Release */,
			);
			defaultConfigurationIsVisible = 0;
			defaultConfigurationName = Release;
		};
		8AC1B14C258A2D8F000F2569 /* Build configuration list for PBXNativeTarget "TechnieTests" */ = {
			isa = XCConfigurationList;
			buildConfigurations = (
				8AC1B14D258A2D8F000F2569 /* Debug */,
				8AC1B14E258A2D8F000F2569 /* Release */,
			);
			defaultConfigurationIsVisible = 0;
			defaultConfigurationName = Release;
		};
		8AC1B14F258A2D8F000F2569 /* Build configuration list for PBXNativeTarget "TechnieUITests" */ = {
			isa = XCConfigurationList;
			buildConfigurations = (
				8AC1B150258A2D8F000F2569 /* Debug */,
				8AC1B151258A2D8F000F2569 /* Release */,
			);
			defaultConfigurationIsVisible = 0;
			defaultConfigurationName = Release;
		};
/* End XCConfigurationList section */

/* Begin XCRemoteSwiftPackageReference section */
		8A8F8552258A408700C4CEF9 /* XCRemoteSwiftPackageReference "LBTATools" */ = {
			isa = XCRemoteSwiftPackageReference;
			repositoryURL = "https://github.com/bhlvoong/LBTATools";
			requirement = {
				kind = upToNextMajorVersion;
				minimumVersion = 1.0.17;
			};
		};
/* End XCRemoteSwiftPackageReference section */

/* Begin XCSwiftPackageProductDependency section */
		8A8F8553258A408700C4CEF9 /* LBTATools */ = {
			isa = XCSwiftPackageProductDependency;
			package = 8A8F8552258A408700C4CEF9 /* XCRemoteSwiftPackageReference "LBTATools" */;
			productName = LBTATools;
		};
/* End XCSwiftPackageProductDependency section */
	};
	rootObject = 8AC1B117258A2D8D000F2569 /* Project object */;
}
