// !$*UTF8*$!
{
	archiveVersion = 1;
	classes = {
	};
	objectVersion = 52;
	objects = {

/* Begin PBXBuildFile section */
		8A00AB2925B981D000C250C4 /* LocationPickerVC.swift in Sources */ = {isa = PBXBuildFile; fileRef = 8A00AB2825B981D000C250C4 /* LocationPickerVC.swift */; };
		8A05765C25CD77390071FDD1 /* ReviewsCell.swift in Sources */ = {isa = PBXBuildFile; fileRef = 8A05765B25CD77390071FDD1 /* ReviewsCell.swift */; };
		8A05766125CD9E0A0071FDD1 /* FullRankingCell.swift in Sources */ = {isa = PBXBuildFile; fileRef = 8A05766025CD9E0A0071FDD1 /* FullRankingCell.swift */; };
		8A0C0B3D25D119C30072729D /* TechnicianSearchResultsVC.swift in Sources */ = {isa = PBXBuildFile; fileRef = 8A0C0B3C25D119C30072729D /* TechnicianSearchResultsVC.swift */; };
		8A0C0B4825D11ACB0072729D /* TechnicianSearchResultsCell.swift in Sources */ = {isa = PBXBuildFile; fileRef = 8A0C0B4725D11ACB0072729D /* TechnicianSearchResultsCell.swift */; };
		8A13FDDE25DE3AD20034945D /* TechnieGeneralVC.swift in Sources */ = {isa = PBXBuildFile; fileRef = 8A13FDDD25DE3AD20034945D /* TechnieGeneralVC.swift */; };
		8A13FDE625DE3DB30034945D /* TechnieAccountVC.swift in Sources */ = {isa = PBXBuildFile; fileRef = 8A13FDE525DE3DB30034945D /* TechnieAccountVC.swift */; };
		8A13FDF425DE3E050034945D /* TechnieEditProfileVC.swift in Sources */ = {isa = PBXBuildFile; fileRef = 8A13FDF325DE3E050034945D /* TechnieEditProfileVC.swift */; };
		8A13FDF925DE3E560034945D /* TechnieSavedJobsVC.swift in Sources */ = {isa = PBXBuildFile; fileRef = 8A13FDF825DE3E560034945D /* TechnieSavedJobsVC.swift */; };
		8A13FDFE25DE3E9D0034945D /* TechnieAccountCell.swift in Sources */ = {isa = PBXBuildFile; fileRef = 8A13FDFD25DE3E9D0034945D /* TechnieAccountCell.swift */; };
		8A13FE0625DE4F130034945D /* TechnieSavedJobsCell.swift in Sources */ = {isa = PBXBuildFile; fileRef = 8A13FE0525DE4F130034945D /* TechnieSavedJobsCell.swift */; };
		8A13FE0B25DE51410034945D /* TechnieEditProfileCell.swift in Sources */ = {isa = PBXBuildFile; fileRef = 8A13FE0A25DE51410034945D /* TechnieEditProfileCell.swift */; };
		8A159DFD25B307D900D45C60 /* JobDetailCVCell.swift in Sources */ = {isa = PBXBuildFile; fileRef = 8A159DFC25B307D900D45C60 /* JobDetailCVCell.swift */; };
		8A159E0225B316CC00D45C60 /* JobDetailTVCell.swift in Sources */ = {isa = PBXBuildFile; fileRef = 8A159E0125B316CC00D45C60 /* JobDetailTVCell.swift */; };
		8A21738925D5A025006FC895 /* ReviewCollectionViewCell.swift in Sources */ = {isa = PBXBuildFile; fileRef = 8A21738825D5A025006FC895 /* ReviewCollectionViewCell.swift */; };
		8A41E7A625B07AB500265D5C /* ActiveJobsCell.swift in Sources */ = {isa = PBXBuildFile; fileRef = 8A41E7A525B07AB500265D5C /* ActiveJobsCell.swift */; };
		8A41E7AB25B07AD900265D5C /* PreviousJobsCell.swift in Sources */ = {isa = PBXBuildFile; fileRef = 8A41E7AA25B07AD900265D5C /* PreviousJobsCell.swift */; };
		8A41E7B725B07D6C00265D5C /* TechineProfileTVCell.swift in Sources */ = {isa = PBXBuildFile; fileRef = 8A41E7B625B07D6C00265D5C /* TechineProfileTVCell.swift */; };
		8A41E7BC25B07F1D00265D5C /* TechnieProfileTVOptions.swift in Sources */ = {isa = PBXBuildFile; fileRef = 8A41E7BB25B07F1D00265D5C /* TechnieProfileTVOptions.swift */; };
		8A4B746525C6D7E40051619C /* SubmitProposalVC.swift in Sources */ = {isa = PBXBuildFile; fileRef = 8A4B746425C6D7E40051619C /* SubmitProposalVC.swift */; };
		8A4B746A25C6DBAB0051619C /* SubmitProposalCell.swift in Sources */ = {isa = PBXBuildFile; fileRef = 8A4B746925C6DBAB0051619C /* SubmitProposalCell.swift */; };
		8A54D19425CBE19100045D37 /* CustomSegmentedControl.swift in Sources */ = {isa = PBXBuildFile; fileRef = 8A54D19325CBE19100045D37 /* CustomSegmentedControl.swift */; };
		8A54D19D25CBEB7400045D37 /* AboutVC.swift in Sources */ = {isa = PBXBuildFile; fileRef = 8A54D19C25CBEB7400045D37 /* AboutVC.swift */; };
		8A54D1A525CBEBA800045D37 /* ReviewsVC.swift in Sources */ = {isa = PBXBuildFile; fileRef = 8A54D1A425CBEBA800045D37 /* ReviewsVC.swift */; };
		8A54D1AA25CBFAEE00045D37 /* AboutCell.swift in Sources */ = {isa = PBXBuildFile; fileRef = 8A54D1A925CBFAEE00045D37 /* AboutCell.swift */; };
		8A54FAD225B56ED100814216 /* MessageKit in Frameworks */ = {isa = PBXBuildFile; productRef = 8A54FAD125B56ED100814216 /* MessageKit */; };
		8A60EEBB258CDB2E0061A830 /* LivePreview.swift in Sources */ = {isa = PBXBuildFile; fileRef = 8A60EEBA258CDB2E0061A830 /* LivePreview.swift */; };
		8A630B1825E52B5200733475 /* TechnieStatsVC.swift in Sources */ = {isa = PBXBuildFile; fileRef = 8A630B1725E52B5200733475 /* TechnieStatsVC.swift */; };
		8A630B2025E52FCA00733475 /* TechnieStatsCell.swift in Sources */ = {isa = PBXBuildFile; fileRef = 8A630B1F25E52FCA00733475 /* TechnieStatsCell.swift */; };
		8A64899525E117B70019A6DC /* ChooseAccountTypeVC.swift in Sources */ = {isa = PBXBuildFile; fileRef = 8A64899425E117B70019A6DC /* ChooseAccountTypeVC.swift */; };
		8A64899B25E11BA30019A6DC /* SignupVC.swift in Sources */ = {isa = PBXBuildFile; fileRef = 8A64899925E11BA20019A6DC /* SignupVC.swift */; };
		8A64899C25E11BA30019A6DC /* LoginVC.swift in Sources */ = {isa = PBXBuildFile; fileRef = 8A64899A25E11BA30019A6DC /* LoginVC.swift */; };
		8A6489A125E11C7D0019A6DC /* LoginOrSignupVC.swift in Sources */ = {isa = PBXBuildFile; fileRef = 8A6489A025E11C7D0019A6DC /* LoginOrSignupVC.swift */; };
		8A68A56625B705BA000D988F /* StorageManager.swift in Sources */ = {isa = PBXBuildFile; fileRef = 8A68A56425B705B9000D988F /* StorageManager.swift */; };
		8A68A56725B705BA000D988F /* DatabaseManager.swift in Sources */ = {isa = PBXBuildFile; fileRef = 8A68A56525B705BA000D988F /* DatabaseManager.swift */; };
		8A6A32752598C73A001FE408 /* PostSectionVC.swift in Sources */ = {isa = PBXBuildFile; fileRef = 8A6A32742598C73A001FE408 /* PostSectionVC.swift */; };
		8A6C839825CADA8B0082D51F /* TechnicianProfileDetailsVC.swift in Sources */ = {isa = PBXBuildFile; fileRef = 8A6C839725CADA8B0082D51F /* TechnicianProfileDetailsVC.swift */; };
		8A73941C25C6CCA400060075 /* LocationCollectionViewerCell.swift in Sources */ = {isa = PBXBuildFile; fileRef = 8ACD6B0225C4547500CC057D /* LocationCollectionViewerCell.swift */; };
		8A73941D25C6CCA400060075 /* LocationCollectionViewerCell.swift in Sources */ = {isa = PBXBuildFile; fileRef = 8ACD6B0225C4547500CC057D /* LocationCollectionViewerCell.swift */; };
		8A73941E25C6CCA400060075 /* ChatInfoCells.swift in Sources */ = {isa = PBXBuildFile; fileRef = 8A8F72A625C29E4B00F4ABFF /* ChatInfoCells.swift */; };
		8A73941F25C6CCA400060075 /* ChatInfoCells.swift in Sources */ = {isa = PBXBuildFile; fileRef = 8A8F72A625C29E4B00F4ABFF /* ChatInfoCells.swift */; };
		8A73942025C6CCA400060075 /* PhotoCollectionViewerCell.swift in Sources */ = {isa = PBXBuildFile; fileRef = 8ACD6AF225C438B200CC057D /* PhotoCollectionViewerCell.swift */; };
		8A73942125C6CCA400060075 /* PhotoCollectionViewerCell.swift in Sources */ = {isa = PBXBuildFile; fileRef = 8ACD6AF225C438B200CC057D /* PhotoCollectionViewerCell.swift */; };
		8A76FA4F258DE3EF0094C524 /* RankedTechnieVC.swift in Sources */ = {isa = PBXBuildFile; fileRef = 8A76FA4E258DE3EF0094C524 /* RankedTechnieVC.swift */; };
		8A76FA57258DEBB20094C524 /* FullRankingVC.swift in Sources */ = {isa = PBXBuildFile; fileRef = 8A76FA56258DEBB20094C524 /* FullRankingVC.swift */; };
		8A76FA5F258DF2F40094C524 /* NearbyDetailVC.swift in Sources */ = {isa = PBXBuildFile; fileRef = 8A76FA5E258DF2F40094C524 /* NearbyDetailVC.swift */; };
		8A76FA67258E1CDF0094C524 /* SearchResultCell.swift in Sources */ = {isa = PBXBuildFile; fileRef = 8A76FA66258E1CDF0094C524 /* SearchResultCell.swift */; };
		8A79718D2595CAA000648A3C /* ProfileEnum.swift in Sources */ = {isa = PBXBuildFile; fileRef = 8A79718C2595CAA000648A3C /* ProfileEnum.swift */; };
		8A7971922595DE8C00648A3C /* ClientPostCell.swift in Sources */ = {isa = PBXBuildFile; fileRef = 8A7971912595DE8C00648A3C /* ClientPostCell.swift */; };
		8A8D1BC925DD33CD0076C56E /* SettingsCell.swift in Sources */ = {isa = PBXBuildFile; fileRef = 8A8D1BC825DD33CC0076C56E /* SettingsCell.swift */; };
		8A8D1BCE25DD33DC0076C56E /* EditProfileCell.swift in Sources */ = {isa = PBXBuildFile; fileRef = 8A8D1BCD25DD33DC0076C56E /* EditProfileCell.swift */; };
		8A8F72A725C29E4B00F4ABFF /* ChatInfoCells.swift in Sources */ = {isa = PBXBuildFile; fileRef = 8A8F72A625C29E4B00F4ABFF /* ChatInfoCells.swift */; };
		8A8F8521258A353500C4CEF9 /* ClientSearchVC.swift in Sources */ = {isa = PBXBuildFile; fileRef = 8A8F8520258A353500C4CEF9 /* ClientSearchVC.swift */; };
		8A8F8526258A355700C4CEF9 /* ClientPostVC.swift in Sources */ = {isa = PBXBuildFile; fileRef = 8A8F8525258A355700C4CEF9 /* ClientPostVC.swift */; };
		8A8F852E258A357200C4CEF9 /* ClientChatVC.swift in Sources */ = {isa = PBXBuildFile; fileRef = 8A8F852D258A357200C4CEF9 /* ClientChatVC.swift */; };
		8A8F8533258A358400C4CEF9 /* ClientNotificationVC.swift in Sources */ = {isa = PBXBuildFile; fileRef = 8A8F8532258A358400C4CEF9 /* ClientNotificationVC.swift */; };
		8A8F854E258A3D0500C4CEF9 /* NearbyTechniesCell.swift in Sources */ = {isa = PBXBuildFile; fileRef = 8A8F854D258A3D0500C4CEF9 /* NearbyTechniesCell.swift */; };
		8A8F8554258A408700C4CEF9 /* LBTATools in Frameworks */ = {isa = PBXBuildFile; productRef = 8A8F8553258A408700C4CEF9 /* LBTATools */; };
		8A9125662598C505005034A1 /* PostSectionCell.swift in Sources */ = {isa = PBXBuildFile; fileRef = 8A9125652598C505005034A1 /* PostSectionCell.swift */; };
		8A997F3025A823AE00B144CD /* SkillSelectionVC.swift in Sources */ = {isa = PBXBuildFile; fileRef = 8A997F2F25A823AE00B144CD /* SkillSelectionVC.swift */; };
		8A997F3825A8380E00B144CD /* SkillSelectionTVCell.swift in Sources */ = {isa = PBXBuildFile; fileRef = 8A997F3725A8380E00B144CD /* SkillSelectionTVCell.swift */; };
		8A997F3D25A83BC300B144CD /* MultipleSectionHandler.swift in Sources */ = {isa = PBXBuildFile; fileRef = 8A997F3C25A83BC300B144CD /* MultipleSectionHandler.swift */; };
		8AA43A2125D145FF00140649 /* NotificationBannerSwift in Frameworks */ = {isa = PBXBuildFile; productRef = 8AA43A2025D145FF00140649 /* NotificationBannerSwift */; };
		8AA43A2E25D1519C00140649 /* RecommendationVC.swift in Sources */ = {isa = PBXBuildFile; fileRef = 8AA43A2D25D1519C00140649 /* RecommendationVC.swift */; };
		8AAB8821259B557000BCBD33 /* PostFormVC.swift in Sources */ = {isa = PBXBuildFile; fileRef = 8AAB8820259B557000BCBD33 /* PostFormVC.swift */; };
		8AAB8829259B625E00BCBD33 /* PostFormCell.swift in Sources */ = {isa = PBXBuildFile; fileRef = 8AAB8828259B625E00BCBD33 /* PostFormCell.swift */; };
		8AADFB6425B5834000D3A5CC /* GoogleService-Info.plist in Resources */ = {isa = PBXBuildFile; fileRef = 8AADFB6325B5834000D3A5CC /* GoogleService-Info.plist */; };
		8AADFB6525B5834000D3A5CC /* GoogleService-Info.plist in Resources */ = {isa = PBXBuildFile; fileRef = 8AADFB6325B5834000D3A5CC /* GoogleService-Info.plist */; };
		8AADFB6625B5834000D3A5CC /* GoogleService-Info.plist in Resources */ = {isa = PBXBuildFile; fileRef = 8AADFB6325B5834000D3A5CC /* GoogleService-Info.plist */; };
		8AADFB7D25B58A2E00D3A5CC /* Chat.swift in Sources */ = {isa = PBXBuildFile; fileRef = 8AADFB7C25B58A2E00D3A5CC /* Chat.swift */; };
		8AADFB7E25B58A2E00D3A5CC /* Chat.swift in Sources */ = {isa = PBXBuildFile; fileRef = 8AADFB7C25B58A2E00D3A5CC /* Chat.swift */; };
		8AADFB7F25B58A2E00D3A5CC /* Chat.swift in Sources */ = {isa = PBXBuildFile; fileRef = 8AADFB7C25B58A2E00D3A5CC /* Chat.swift */; };
		8AADFB8425B58E7300D3A5CC /* Message.swift in Sources */ = {isa = PBXBuildFile; fileRef = 8AADFB8325B58E7300D3A5CC /* Message.swift */; };
		8AADFB8525B58E7300D3A5CC /* Message.swift in Sources */ = {isa = PBXBuildFile; fileRef = 8AADFB8325B58E7300D3A5CC /* Message.swift */; };
		8AADFB8625B58E7300D3A5CC /* Message.swift in Sources */ = {isa = PBXBuildFile; fileRef = 8AADFB8325B58E7300D3A5CC /* Message.swift */; };
		8AADFB8C25B5A59700D3A5CC /* SDWebImage in Frameworks */ = {isa = PBXBuildFile; productRef = 8AADFB8B25B5A59700D3A5CC /* SDWebImage */; };
		8AADFB8E25B5A59700D3A5CC /* SDWebImageMapKit in Frameworks */ = {isa = PBXBuildFile; productRef = 8AADFB8D25B5A59700D3A5CC /* SDWebImageMapKit */; };
		8AADFB9425B5A7E200D3A5CC /* ConversationsTVCell.swift in Sources */ = {isa = PBXBuildFile; fileRef = 8AADFB9325B5A7E200D3A5CC /* ConversationsTVCell.swift */; };
		8AADFB9525B5A7E200D3A5CC /* ConversationsTVCell.swift in Sources */ = {isa = PBXBuildFile; fileRef = 8AADFB9325B5A7E200D3A5CC /* ConversationsTVCell.swift */; };
		8AADFB9625B5A7E200D3A5CC /* ConversationsTVCell.swift in Sources */ = {isa = PBXBuildFile; fileRef = 8AADFB9325B5A7E200D3A5CC /* ConversationsTVCell.swift */; };
		8AAE554F25DC08FE003AB202 /* ClientPostHistoryVC.swift in Sources */ = {isa = PBXBuildFile; fileRef = 8AAE554E25DC08FE003AB202 /* ClientPostHistoryVC.swift */; };
		8AAE555425DC093D003AB202 /* ClientPostHistoryCell.swift in Sources */ = {isa = PBXBuildFile; fileRef = 8AAE555325DC093D003AB202 /* ClientPostHistoryCell.swift */; };
		8AAE556025DC0CAE003AB202 /* ClientSettingsVC.swift in Sources */ = {isa = PBXBuildFile; fileRef = 8AAE555F25DC0CAE003AB202 /* ClientSettingsVC.swift */; };
		8AAE556B25DC0CC9003AB202 /* EditProfileVC.swift in Sources */ = {isa = PBXBuildFile; fileRef = 8AAE556A25DC0CC9003AB202 /* EditProfileVC.swift */; };
		8AAE557325DC0CF2003AB202 /* ClientHelpCenterVC.swift in Sources */ = {isa = PBXBuildFile; fileRef = 8AAE557225DC0CF2003AB202 /* ClientHelpCenterVC.swift */; };
		8AC1B123258A2D8D000F2569 /* AppDelegate.swift in Sources */ = {isa = PBXBuildFile; fileRef = 8AC1B122258A2D8D000F2569 /* AppDelegate.swift */; };
		8AC1B125258A2D8D000F2569 /* SceneDelegate.swift in Sources */ = {isa = PBXBuildFile; fileRef = 8AC1B124258A2D8D000F2569 /* SceneDelegate.swift */; };
		8AC1B127258A2D8D000F2569 /* ClientFeedVC.swift in Sources */ = {isa = PBXBuildFile; fileRef = 8AC1B126258A2D8D000F2569 /* ClientFeedVC.swift */; };
		8AC1B12C258A2D8F000F2569 /* Assets.xcassets in Resources */ = {isa = PBXBuildFile; fileRef = 8AC1B12B258A2D8F000F2569 /* Assets.xcassets */; };
		8AC1B12F258A2D8F000F2569 /* LaunchScreen.storyboard in Resources */ = {isa = PBXBuildFile; fileRef = 8AC1B12D258A2D8F000F2569 /* LaunchScreen.storyboard */; };
		8AC1B13A258A2D8F000F2569 /* TechnieTests.swift in Sources */ = {isa = PBXBuildFile; fileRef = 8AC1B139258A2D8F000F2569 /* TechnieTests.swift */; };
		8AC1B145258A2D8F000F2569 /* TechnieUITests.swift in Sources */ = {isa = PBXBuildFile; fileRef = 8AC1B144258A2D8F000F2569 /* TechnieUITests.swift */; };
		8AC93A8725B6ECB200663BE3 /* ChatVC.swift in Sources */ = {isa = PBXBuildFile; fileRef = 8AC93A8625B6ECB200663BE3 /* ChatVC.swift */; };
		8AC93A9325B6EF3A00663BE3 /* SearchResult.swift in Sources */ = {isa = PBXBuildFile; fileRef = 8AC93A8F25B6EF3A00663BE3 /* SearchResult.swift */; };
		8AC93A9425B6EF3A00663BE3 /* ConversationsModels.swift in Sources */ = {isa = PBXBuildFile; fileRef = 8AC93A9025B6EF3A00663BE3 /* ConversationsModels.swift */; };
		8AC93A9525B6EF3A00663BE3 /* ChatModels.swift in Sources */ = {isa = PBXBuildFile; fileRef = 8AC93A9125B6EF3A00663BE3 /* ChatModels.swift */; };
		8AC93A9625B6EF3A00663BE3 /* ProfileViewModel.swift in Sources */ = {isa = PBXBuildFile; fileRef = 8AC93A9225B6EF3A00663BE3 /* ProfileViewModel.swift */; };
		8AC93A9B25B6F04600663BE3 /* ConversationVC.swift in Sources */ = {isa = PBXBuildFile; fileRef = 8AC93A9A25B6F04600663BE3 /* ConversationVC.swift */; };
		8ACD6AEE25C4384000CC057D /* PhotoCollectionViewerVC.swift in Sources */ = {isa = PBXBuildFile; fileRef = 8ACD6AED25C4384000CC057D /* PhotoCollectionViewerVC.swift */; };
		8ACD6AF325C438B200CC057D /* PhotoCollectionViewerCell.swift in Sources */ = {isa = PBXBuildFile; fileRef = 8ACD6AF225C438B200CC057D /* PhotoCollectionViewerCell.swift */; };
		8ACD6AFE25C4534200CC057D /* LocationCollectionViewerVC.swift in Sources */ = {isa = PBXBuildFile; fileRef = 8ACD6AFD25C4534200CC057D /* LocationCollectionViewerVC.swift */; };
		8ACD6B0325C4547500CC057D /* LocationCollectionViewerCell.swift in Sources */ = {isa = PBXBuildFile; fileRef = 8ACD6B0225C4547500CC057D /* LocationCollectionViewerCell.swift */; };
		8AD3D07725B1D3FD00858CAD /* JobDetailsVC.swift in Sources */ = {isa = PBXBuildFile; fileRef = 8AD3D07625B1D3FD00858CAD /* JobDetailsVC.swift */; };
		8AD772A625D2643700955B9A /* RecommendationCell.swift in Sources */ = {isa = PBXBuildFile; fileRef = 8AD772A525D2643700955B9A /* RecommendationCell.swift */; };
		8AD8743425B88B8400BB2F6F /* PhotoViewerVC.swift in Sources */ = {isa = PBXBuildFile; fileRef = 8AD8743325B88B8400BB2F6F /* PhotoViewerVC.swift */; };
		8ADA18AE25C0557C0040D3C6 /* ChatInfoVC.swift in Sources */ = {isa = PBXBuildFile; fileRef = 8ADA18AD25C0557B0040D3C6 /* ChatInfoVC.swift */; };
		8ADECCC425B026F600F871EF /* FeedsTVCell.swift in Sources */ = {isa = PBXBuildFile; fileRef = 8ADECCC325B026F600F871EF /* FeedsTVCell.swift */; };
		8AE258A6258A3156004EDB26 /* ClientTabController.swift in Sources */ = {isa = PBXBuildFile; fileRef = 8AE258A5258A3156004EDB26 /* ClientTabController.swift */; };
		8AE2B0F225C97B2500479C49 /* TechnieNotificationsCell.swift in Sources */ = {isa = PBXBuildFile; fileRef = 8AE2B0F125C97B2500479C49 /* TechnieNotificationsCell.swift */; };
		8AE2B0FA25C9905600479C49 /* JobSearchResultsVC.swift in Sources */ = {isa = PBXBuildFile; fileRef = 8AE2B0F925C9905600479C49 /* JobSearchResultsVC.swift */; };
		8AE4096A25AEFF0F00A29453 /* TechnieTabController.swift in Sources */ = {isa = PBXBuildFile; fileRef = 8AE4096925AEFF0F00A29453 /* TechnieTabController.swift */; };
		8AE4096F25AEFF4C00A29453 /* TechnieFeedVC.swift in Sources */ = {isa = PBXBuildFile; fileRef = 8AE4096E25AEFF4C00A29453 /* TechnieFeedVC.swift */; };
		8AE4098125AF011200A29453 /* TechnieServiceVC.swift in Sources */ = {isa = PBXBuildFile; fileRef = 8AE4098025AF011200A29453 /* TechnieServiceVC.swift */; };
		8AE4098625AF013800A29453 /* TechnieProfileVC.swift in Sources */ = {isa = PBXBuildFile; fileRef = 8AE4098525AF013800A29453 /* TechnieProfileVC.swift */; };
		8AE4098B25AF015200A29453 /* TechnieNotificationVC.swift in Sources */ = {isa = PBXBuildFile; fileRef = 8AE4098A25AF015200A29453 /* TechnieNotificationVC.swift */; };
		8AF76A4E258B0B0700ED14C2 /* UserProfileVC.swift in Sources */ = {isa = PBXBuildFile; fileRef = 8AF76A4D258B0B0700ED14C2 /* UserProfileVC.swift */; };
		8AF76A53258B23BF00ED14C2 /* ProfileTableViewCell.swift in Sources */ = {isa = PBXBuildFile; fileRef = 8AF76A52258B23BF00ED14C2 /* ProfileTableViewCell.swift */; };
		8AF76A77258B440D00ED14C2 /* KeyboardLayoutConstraint.swift in Sources */ = {isa = PBXBuildFile; fileRef = 8AF76A6F258B440D00ED14C2 /* KeyboardLayoutConstraint.swift */; };
		8AF76A78258B440D00ED14C2 /* UIFeedBackGenerator.swift in Sources */ = {isa = PBXBuildFile; fileRef = 8AF76A70258B440D00ED14C2 /* UIFeedBackGenerator.swift */; };
		8AF76A79258B440D00ED14C2 /* TrashBinCode.swift in Sources */ = {isa = PBXBuildFile; fileRef = 8AF76A71258B440D00ED14C2 /* TrashBinCode.swift */; };
		8AF76A7A258B440D00ED14C2 /* MyActivityIndicator.swift in Sources */ = {isa = PBXBuildFile; fileRef = 8AF76A72258B440D00ED14C2 /* MyActivityIndicator.swift */; };
		8AF76A7B258B440D00ED14C2 /* Extensions.swift in Sources */ = {isa = PBXBuildFile; fileRef = 8AF76A73258B440D00ED14C2 /* Extensions.swift */; };
		8AF76A7C258B440D00ED14C2 /* Typealias.swift in Sources */ = {isa = PBXBuildFile; fileRef = 8AF76A74258B440D00ED14C2 /* Typealias.swift */; };
		8AF76A7D258B440D00ED14C2 /* SpeechService.swift in Sources */ = {isa = PBXBuildFile; fileRef = 8AF76A75258B440D00ED14C2 /* SpeechService.swift */; };
		8AF76A7E258B440D00ED14C2 /* UIScrollView+.swift in Sources */ = {isa = PBXBuildFile; fileRef = 8AF76A76258B440D00ED14C2 /* UIScrollView+.swift */; };
		8AF76A86258B64FC00ED14C2 /* TechnieRankingCell.swift in Sources */ = {isa = PBXBuildFile; fileRef = 8AF76A85258B64FC00ED14C2 /* TechnieRankingCell.swift */; };
		8AF76A8E258B671500ED14C2 /* HeaderView.swift in Sources */ = {isa = PBXBuildFile; fileRef = 8AF76A8D258B671500ED14C2 /* HeaderView.swift */; };
		F422771D35CC7008371B84D1 /* Pods_Technie_TechnieUITests.framework in Frameworks */ = {isa = PBXBuildFile; fileRef = 583B6750D252DA954CA48DB6 /* Pods_Technie_TechnieUITests.framework */; };
		F615929100B23AE69709F5FD /* Pods_TechnieTests.framework in Frameworks */ = {isa = PBXBuildFile; fileRef = FFA879CA9FAC3DDD95970C0F /* Pods_TechnieTests.framework */; };
		FAC04EE8597FB7C092875D9C /* Pods_Technie.framework in Frameworks */ = {isa = PBXBuildFile; fileRef = 3608D5D19A7FDEC3B4F67809 /* Pods_Technie.framework */; };
/* End PBXBuildFile section */

/* Begin PBXContainerItemProxy section */
		8AC1B136258A2D8F000F2569 /* PBXContainerItemProxy */ = {
			isa = PBXContainerItemProxy;
			containerPortal = 8AC1B117258A2D8D000F2569 /* Project object */;
			proxyType = 1;
			remoteGlobalIDString = 8AC1B11E258A2D8D000F2569;
			remoteInfo = Technie;
		};
		8AC1B141258A2D8F000F2569 /* PBXContainerItemProxy */ = {
			isa = PBXContainerItemProxy;
			containerPortal = 8AC1B117258A2D8D000F2569 /* Project object */;
			proxyType = 1;
			remoteGlobalIDString = 8AC1B11E258A2D8D000F2569;
			remoteInfo = Technie;
		};
/* End PBXContainerItemProxy section */

/* Begin PBXFileReference section */
		02EA2A169FF763E9381CCE52 /* Pods-Technie.release.xcconfig */ = {isa = PBXFileReference; includeInIndex = 1; lastKnownFileType = text.xcconfig; name = "Pods-Technie.release.xcconfig"; path = "Target Support Files/Pods-Technie/Pods-Technie.release.xcconfig"; sourceTree = "<group>"; };
		2D46E59A249A48CCCD995D78 /* Pods-Technie-TechnieUITests.release.xcconfig */ = {isa = PBXFileReference; includeInIndex = 1; lastKnownFileType = text.xcconfig; name = "Pods-Technie-TechnieUITests.release.xcconfig"; path = "Target Support Files/Pods-Technie-TechnieUITests/Pods-Technie-TechnieUITests.release.xcconfig"; sourceTree = "<group>"; };
		3608D5D19A7FDEC3B4F67809 /* Pods_Technie.framework */ = {isa = PBXFileReference; explicitFileType = wrapper.framework; includeInIndex = 0; path = Pods_Technie.framework; sourceTree = BUILT_PRODUCTS_DIR; };
		583B6750D252DA954CA48DB6 /* Pods_Technie_TechnieUITests.framework */ = {isa = PBXFileReference; explicitFileType = wrapper.framework; includeInIndex = 0; path = Pods_Technie_TechnieUITests.framework; sourceTree = BUILT_PRODUCTS_DIR; };
		8A00AB2825B981D000C250C4 /* LocationPickerVC.swift */ = {isa = PBXFileReference; lastKnownFileType = sourcecode.swift; path = LocationPickerVC.swift; sourceTree = "<group>"; };
		8A05765B25CD77390071FDD1 /* ReviewsCell.swift */ = {isa = PBXFileReference; lastKnownFileType = sourcecode.swift; path = ReviewsCell.swift; sourceTree = "<group>"; };
		8A05766025CD9E0A0071FDD1 /* FullRankingCell.swift */ = {isa = PBXFileReference; lastKnownFileType = sourcecode.swift; path = FullRankingCell.swift; sourceTree = "<group>"; };
		8A0C0B3C25D119C30072729D /* TechnicianSearchResultsVC.swift */ = {isa = PBXFileReference; lastKnownFileType = sourcecode.swift; path = TechnicianSearchResultsVC.swift; sourceTree = "<group>"; };
		8A0C0B4725D11ACB0072729D /* TechnicianSearchResultsCell.swift */ = {isa = PBXFileReference; lastKnownFileType = sourcecode.swift; path = TechnicianSearchResultsCell.swift; sourceTree = "<group>"; };
		8A13FDDD25DE3AD20034945D /* TechnieGeneralVC.swift */ = {isa = PBXFileReference; lastKnownFileType = sourcecode.swift; path = TechnieGeneralVC.swift; sourceTree = "<group>"; };
		8A13FDE525DE3DB30034945D /* TechnieAccountVC.swift */ = {isa = PBXFileReference; lastKnownFileType = sourcecode.swift; path = TechnieAccountVC.swift; sourceTree = "<group>"; };
		8A13FDF325DE3E050034945D /* TechnieEditProfileVC.swift */ = {isa = PBXFileReference; lastKnownFileType = sourcecode.swift; path = TechnieEditProfileVC.swift; sourceTree = "<group>"; };
		8A13FDF825DE3E560034945D /* TechnieSavedJobsVC.swift */ = {isa = PBXFileReference; lastKnownFileType = sourcecode.swift; path = TechnieSavedJobsVC.swift; sourceTree = "<group>"; };
		8A13FDFD25DE3E9D0034945D /* TechnieAccountCell.swift */ = {isa = PBXFileReference; lastKnownFileType = sourcecode.swift; path = TechnieAccountCell.swift; sourceTree = "<group>"; };
		8A13FE0525DE4F130034945D /* TechnieSavedJobsCell.swift */ = {isa = PBXFileReference; lastKnownFileType = sourcecode.swift; path = TechnieSavedJobsCell.swift; sourceTree = "<group>"; };
		8A13FE0A25DE51410034945D /* TechnieEditProfileCell.swift */ = {isa = PBXFileReference; lastKnownFileType = sourcecode.swift; path = TechnieEditProfileCell.swift; sourceTree = "<group>"; };
		8A159DFC25B307D900D45C60 /* JobDetailCVCell.swift */ = {isa = PBXFileReference; lastKnownFileType = sourcecode.swift; path = JobDetailCVCell.swift; sourceTree = "<group>"; };
		8A159E0125B316CC00D45C60 /* JobDetailTVCell.swift */ = {isa = PBXFileReference; lastKnownFileType = sourcecode.swift; path = JobDetailTVCell.swift; sourceTree = "<group>"; };
		8A21738825D5A025006FC895 /* ReviewCollectionViewCell.swift */ = {isa = PBXFileReference; lastKnownFileType = sourcecode.swift; path = ReviewCollectionViewCell.swift; sourceTree = "<group>"; };
		8A41E7A525B07AB500265D5C /* ActiveJobsCell.swift */ = {isa = PBXFileReference; lastKnownFileType = sourcecode.swift; path = ActiveJobsCell.swift; sourceTree = "<group>"; };
		8A41E7AA25B07AD900265D5C /* PreviousJobsCell.swift */ = {isa = PBXFileReference; lastKnownFileType = sourcecode.swift; path = PreviousJobsCell.swift; sourceTree = "<group>"; };
		8A41E7B625B07D6C00265D5C /* TechineProfileTVCell.swift */ = {isa = PBXFileReference; lastKnownFileType = sourcecode.swift; path = TechineProfileTVCell.swift; sourceTree = "<group>"; };
		8A41E7BB25B07F1D00265D5C /* TechnieProfileTVOptions.swift */ = {isa = PBXFileReference; lastKnownFileType = sourcecode.swift; path = TechnieProfileTVOptions.swift; sourceTree = "<group>"; };
		8A4B746425C6D7E40051619C /* SubmitProposalVC.swift */ = {isa = PBXFileReference; lastKnownFileType = sourcecode.swift; path = SubmitProposalVC.swift; sourceTree = "<group>"; };
		8A4B746925C6DBAB0051619C /* SubmitProposalCell.swift */ = {isa = PBXFileReference; lastKnownFileType = sourcecode.swift; path = SubmitProposalCell.swift; sourceTree = "<group>"; };
		8A54D19325CBE19100045D37 /* CustomSegmentedControl.swift */ = {isa = PBXFileReference; fileEncoding = 4; lastKnownFileType = sourcecode.swift; path = CustomSegmentedControl.swift; sourceTree = "<group>"; };
		8A54D19C25CBEB7400045D37 /* AboutVC.swift */ = {isa = PBXFileReference; lastKnownFileType = sourcecode.swift; path = AboutVC.swift; sourceTree = "<group>"; };
		8A54D1A425CBEBA800045D37 /* ReviewsVC.swift */ = {isa = PBXFileReference; lastKnownFileType = sourcecode.swift; path = ReviewsVC.swift; sourceTree = "<group>"; };
		8A54D1A925CBFAEE00045D37 /* AboutCell.swift */ = {isa = PBXFileReference; lastKnownFileType = sourcecode.swift; path = AboutCell.swift; sourceTree = "<group>"; };
		8A60EEBA258CDB2E0061A830 /* LivePreview.swift */ = {isa = PBXFileReference; lastKnownFileType = sourcecode.swift; path = LivePreview.swift; sourceTree = "<group>"; };
		8A630B1725E52B5200733475 /* TechnieStatsVC.swift */ = {isa = PBXFileReference; lastKnownFileType = sourcecode.swift; path = TechnieStatsVC.swift; sourceTree = "<group>"; };
		8A630B1F25E52FCA00733475 /* TechnieStatsCell.swift */ = {isa = PBXFileReference; lastKnownFileType = sourcecode.swift; path = TechnieStatsCell.swift; sourceTree = "<group>"; };
		8A64899425E117B70019A6DC /* ChooseAccountTypeVC.swift */ = {isa = PBXFileReference; lastKnownFileType = sourcecode.swift; path = ChooseAccountTypeVC.swift; sourceTree = "<group>"; };
		8A64899925E11BA20019A6DC /* SignupVC.swift */ = {isa = PBXFileReference; fileEncoding = 4; lastKnownFileType = sourcecode.swift; path = SignupVC.swift; sourceTree = "<group>"; };
		8A64899A25E11BA30019A6DC /* LoginVC.swift */ = {isa = PBXFileReference; fileEncoding = 4; lastKnownFileType = sourcecode.swift; path = LoginVC.swift; sourceTree = "<group>"; };
		8A6489A025E11C7D0019A6DC /* LoginOrSignupVC.swift */ = {isa = PBXFileReference; lastKnownFileType = sourcecode.swift; path = LoginOrSignupVC.swift; sourceTree = "<group>"; };
		8A68A56425B705B9000D988F /* StorageManager.swift */ = {isa = PBXFileReference; fileEncoding = 4; lastKnownFileType = sourcecode.swift; path = StorageManager.swift; sourceTree = "<group>"; };
		8A68A56525B705BA000D988F /* DatabaseManager.swift */ = {isa = PBXFileReference; fileEncoding = 4; lastKnownFileType = sourcecode.swift; path = DatabaseManager.swift; sourceTree = "<group>"; };
		8A6A32742598C73A001FE408 /* PostSectionVC.swift */ = {isa = PBXFileReference; lastKnownFileType = sourcecode.swift; path = PostSectionVC.swift; sourceTree = "<group>"; };
		8A6C839725CADA8B0082D51F /* TechnicianProfileDetailsVC.swift */ = {isa = PBXFileReference; lastKnownFileType = sourcecode.swift; path = TechnicianProfileDetailsVC.swift; sourceTree = "<group>"; };
		8A76FA4E258DE3EF0094C524 /* RankedTechnieVC.swift */ = {isa = PBXFileReference; lastKnownFileType = sourcecode.swift; path = RankedTechnieVC.swift; sourceTree = "<group>"; };
		8A76FA56258DEBB20094C524 /* FullRankingVC.swift */ = {isa = PBXFileReference; lastKnownFileType = sourcecode.swift; path = FullRankingVC.swift; sourceTree = "<group>"; };
		8A76FA5E258DF2F40094C524 /* NearbyDetailVC.swift */ = {isa = PBXFileReference; lastKnownFileType = sourcecode.swift; path = NearbyDetailVC.swift; sourceTree = "<group>"; };
		8A76FA66258E1CDF0094C524 /* SearchResultCell.swift */ = {isa = PBXFileReference; lastKnownFileType = sourcecode.swift; path = SearchResultCell.swift; sourceTree = "<group>"; };
		8A79718C2595CAA000648A3C /* ProfileEnum.swift */ = {isa = PBXFileReference; lastKnownFileType = sourcecode.swift; path = ProfileEnum.swift; sourceTree = "<group>"; };
		8A7971912595DE8C00648A3C /* ClientPostCell.swift */ = {isa = PBXFileReference; lastKnownFileType = sourcecode.swift; path = ClientPostCell.swift; sourceTree = "<group>"; };
		8A8D1BC825DD33CC0076C56E /* SettingsCell.swift */ = {isa = PBXFileReference; lastKnownFileType = sourcecode.swift; path = SettingsCell.swift; sourceTree = "<group>"; };
		8A8D1BCD25DD33DC0076C56E /* EditProfileCell.swift */ = {isa = PBXFileReference; lastKnownFileType = sourcecode.swift; path = EditProfileCell.swift; sourceTree = "<group>"; };
		8A8F72A625C29E4B00F4ABFF /* ChatInfoCells.swift */ = {isa = PBXFileReference; lastKnownFileType = sourcecode.swift; path = ChatInfoCells.swift; sourceTree = "<group>"; };
		8A8F8520258A353500C4CEF9 /* ClientSearchVC.swift */ = {isa = PBXFileReference; lastKnownFileType = sourcecode.swift; path = ClientSearchVC.swift; sourceTree = "<group>"; };
		8A8F8525258A355700C4CEF9 /* ClientPostVC.swift */ = {isa = PBXFileReference; lastKnownFileType = sourcecode.swift; path = ClientPostVC.swift; sourceTree = "<group>"; };
		8A8F852D258A357200C4CEF9 /* ClientChatVC.swift */ = {isa = PBXFileReference; lastKnownFileType = sourcecode.swift; path = ClientChatVC.swift; sourceTree = "<group>"; };
		8A8F8532258A358400C4CEF9 /* ClientNotificationVC.swift */ = {isa = PBXFileReference; lastKnownFileType = sourcecode.swift; path = ClientNotificationVC.swift; sourceTree = "<group>"; };
		8A8F854D258A3D0500C4CEF9 /* NearbyTechniesCell.swift */ = {isa = PBXFileReference; lastKnownFileType = sourcecode.swift; path = NearbyTechniesCell.swift; sourceTree = "<group>"; };
		8A9125652598C505005034A1 /* PostSectionCell.swift */ = {isa = PBXFileReference; lastKnownFileType = sourcecode.swift; path = PostSectionCell.swift; sourceTree = "<group>"; };
		8A997F2F25A823AE00B144CD /* SkillSelectionVC.swift */ = {isa = PBXFileReference; lastKnownFileType = sourcecode.swift; path = SkillSelectionVC.swift; sourceTree = "<group>"; };
		8A997F3725A8380E00B144CD /* SkillSelectionTVCell.swift */ = {isa = PBXFileReference; lastKnownFileType = sourcecode.swift; path = SkillSelectionTVCell.swift; sourceTree = "<group>"; };
		8A997F3C25A83BC300B144CD /* MultipleSectionHandler.swift */ = {isa = PBXFileReference; lastKnownFileType = sourcecode.swift; path = MultipleSectionHandler.swift; sourceTree = "<group>"; };
		8AA43A2D25D1519C00140649 /* RecommendationVC.swift */ = {isa = PBXFileReference; lastKnownFileType = sourcecode.swift; path = RecommendationVC.swift; sourceTree = "<group>"; };
		8AAB8820259B557000BCBD33 /* PostFormVC.swift */ = {isa = PBXFileReference; lastKnownFileType = sourcecode.swift; path = PostFormVC.swift; sourceTree = "<group>"; };
		8AAB8828259B625E00BCBD33 /* PostFormCell.swift */ = {isa = PBXFileReference; lastKnownFileType = sourcecode.swift; path = PostFormCell.swift; sourceTree = "<group>"; };
		8AADFB6325B5834000D3A5CC /* GoogleService-Info.plist */ = {isa = PBXFileReference; fileEncoding = 4; lastKnownFileType = text.plist.xml; path = "GoogleService-Info.plist"; sourceTree = "<group>"; };
		8AADFB7C25B58A2E00D3A5CC /* Chat.swift */ = {isa = PBXFileReference; lastKnownFileType = sourcecode.swift; path = Chat.swift; sourceTree = "<group>"; };
		8AADFB8325B58E7300D3A5CC /* Message.swift */ = {isa = PBXFileReference; lastKnownFileType = sourcecode.swift; path = Message.swift; sourceTree = "<group>"; };
		8AADFB9325B5A7E200D3A5CC /* ConversationsTVCell.swift */ = {isa = PBXFileReference; lastKnownFileType = sourcecode.swift; path = ConversationsTVCell.swift; sourceTree = "<group>"; };
		8AAE554E25DC08FE003AB202 /* ClientPostHistoryVC.swift */ = {isa = PBXFileReference; lastKnownFileType = sourcecode.swift; path = ClientPostHistoryVC.swift; sourceTree = "<group>"; };
		8AAE555325DC093D003AB202 /* ClientPostHistoryCell.swift */ = {isa = PBXFileReference; lastKnownFileType = sourcecode.swift; path = ClientPostHistoryCell.swift; sourceTree = "<group>"; };
		8AAE555F25DC0CAE003AB202 /* ClientSettingsVC.swift */ = {isa = PBXFileReference; lastKnownFileType = sourcecode.swift; path = ClientSettingsVC.swift; sourceTree = "<group>"; };
		8AAE556A25DC0CC9003AB202 /* EditProfileVC.swift */ = {isa = PBXFileReference; lastKnownFileType = sourcecode.swift; path = EditProfileVC.swift; sourceTree = "<group>"; };
		8AAE557225DC0CF2003AB202 /* ClientHelpCenterVC.swift */ = {isa = PBXFileReference; lastKnownFileType = sourcecode.swift; path = ClientHelpCenterVC.swift; sourceTree = "<group>"; };
		8AC1B11F258A2D8D000F2569 /* Technie.app */ = {isa = PBXFileReference; explicitFileType = wrapper.application; includeInIndex = 0; path = Technie.app; sourceTree = BUILT_PRODUCTS_DIR; };
		8AC1B122258A2D8D000F2569 /* AppDelegate.swift */ = {isa = PBXFileReference; lastKnownFileType = sourcecode.swift; path = AppDelegate.swift; sourceTree = "<group>"; };
		8AC1B124258A2D8D000F2569 /* SceneDelegate.swift */ = {isa = PBXFileReference; lastKnownFileType = sourcecode.swift; path = SceneDelegate.swift; sourceTree = "<group>"; };
		8AC1B126258A2D8D000F2569 /* ClientFeedVC.swift */ = {isa = PBXFileReference; lastKnownFileType = sourcecode.swift; path = ClientFeedVC.swift; sourceTree = "<group>"; };
		8AC1B12B258A2D8F000F2569 /* Assets.xcassets */ = {isa = PBXFileReference; lastKnownFileType = folder.assetcatalog; path = Assets.xcassets; sourceTree = "<group>"; };
		8AC1B12E258A2D8F000F2569 /* Base */ = {isa = PBXFileReference; lastKnownFileType = file.storyboard; name = Base; path = Base.lproj/LaunchScreen.storyboard; sourceTree = "<group>"; };
		8AC1B130258A2D8F000F2569 /* Info.plist */ = {isa = PBXFileReference; lastKnownFileType = text.plist.xml; path = Info.plist; sourceTree = "<group>"; };
		8AC1B135258A2D8F000F2569 /* TechnieTests.xctest */ = {isa = PBXFileReference; explicitFileType = wrapper.cfbundle; includeInIndex = 0; path = TechnieTests.xctest; sourceTree = BUILT_PRODUCTS_DIR; };
		8AC1B139258A2D8F000F2569 /* TechnieTests.swift */ = {isa = PBXFileReference; lastKnownFileType = sourcecode.swift; path = TechnieTests.swift; sourceTree = "<group>"; };
		8AC1B13B258A2D8F000F2569 /* Info.plist */ = {isa = PBXFileReference; lastKnownFileType = text.plist.xml; path = Info.plist; sourceTree = "<group>"; };
		8AC1B140258A2D8F000F2569 /* TechnieUITests.xctest */ = {isa = PBXFileReference; explicitFileType = wrapper.cfbundle; includeInIndex = 0; path = TechnieUITests.xctest; sourceTree = BUILT_PRODUCTS_DIR; };
		8AC1B144258A2D8F000F2569 /* TechnieUITests.swift */ = {isa = PBXFileReference; lastKnownFileType = sourcecode.swift; path = TechnieUITests.swift; sourceTree = "<group>"; };
		8AC1B146258A2D8F000F2569 /* Info.plist */ = {isa = PBXFileReference; lastKnownFileType = text.plist.xml; path = Info.plist; sourceTree = "<group>"; };
		8AC93A8625B6ECB200663BE3 /* ChatVC.swift */ = {isa = PBXFileReference; lastKnownFileType = sourcecode.swift; path = ChatVC.swift; sourceTree = "<group>"; };
		8AC93A8F25B6EF3A00663BE3 /* SearchResult.swift */ = {isa = PBXFileReference; fileEncoding = 4; lastKnownFileType = sourcecode.swift; path = SearchResult.swift; sourceTree = "<group>"; };
		8AC93A9025B6EF3A00663BE3 /* ConversationsModels.swift */ = {isa = PBXFileReference; fileEncoding = 4; lastKnownFileType = sourcecode.swift; path = ConversationsModels.swift; sourceTree = "<group>"; };
		8AC93A9125B6EF3A00663BE3 /* ChatModels.swift */ = {isa = PBXFileReference; fileEncoding = 4; lastKnownFileType = sourcecode.swift; path = ChatModels.swift; sourceTree = "<group>"; };
		8AC93A9225B6EF3A00663BE3 /* ProfileViewModel.swift */ = {isa = PBXFileReference; fileEncoding = 4; lastKnownFileType = sourcecode.swift; path = ProfileViewModel.swift; sourceTree = "<group>"; };
		8AC93A9A25B6F04600663BE3 /* ConversationVC.swift */ = {isa = PBXFileReference; lastKnownFileType = sourcecode.swift; path = ConversationVC.swift; sourceTree = "<group>"; };
		8ACD6AED25C4384000CC057D /* PhotoCollectionViewerVC.swift */ = {isa = PBXFileReference; lastKnownFileType = sourcecode.swift; path = PhotoCollectionViewerVC.swift; sourceTree = "<group>"; };
		8ACD6AF225C438B200CC057D /* PhotoCollectionViewerCell.swift */ = {isa = PBXFileReference; lastKnownFileType = sourcecode.swift; path = PhotoCollectionViewerCell.swift; sourceTree = "<group>"; };
		8ACD6AFD25C4534200CC057D /* LocationCollectionViewerVC.swift */ = {isa = PBXFileReference; lastKnownFileType = sourcecode.swift; path = LocationCollectionViewerVC.swift; sourceTree = "<group>"; };
		8ACD6B0225C4547500CC057D /* LocationCollectionViewerCell.swift */ = {isa = PBXFileReference; lastKnownFileType = sourcecode.swift; path = LocationCollectionViewerCell.swift; sourceTree = "<group>"; };
		8AD3D07625B1D3FD00858CAD /* JobDetailsVC.swift */ = {isa = PBXFileReference; lastKnownFileType = sourcecode.swift; path = JobDetailsVC.swift; sourceTree = "<group>"; };
		8AD772A525D2643700955B9A /* RecommendationCell.swift */ = {isa = PBXFileReference; lastKnownFileType = sourcecode.swift; path = RecommendationCell.swift; sourceTree = "<group>"; };
		8AD8743325B88B8400BB2F6F /* PhotoViewerVC.swift */ = {isa = PBXFileReference; lastKnownFileType = sourcecode.swift; path = PhotoViewerVC.swift; sourceTree = "<group>"; };
		8ADA18AD25C0557B0040D3C6 /* ChatInfoVC.swift */ = {isa = PBXFileReference; lastKnownFileType = sourcecode.swift; path = ChatInfoVC.swift; sourceTree = "<group>"; };
		8ADECCC325B026F600F871EF /* FeedsTVCell.swift */ = {isa = PBXFileReference; lastKnownFileType = sourcecode.swift; path = FeedsTVCell.swift; sourceTree = "<group>"; };
		8AE258A5258A3156004EDB26 /* ClientTabController.swift */ = {isa = PBXFileReference; lastKnownFileType = sourcecode.swift; path = ClientTabController.swift; sourceTree = "<group>"; };
		8AE2B0F125C97B2500479C49 /* TechnieNotificationsCell.swift */ = {isa = PBXFileReference; lastKnownFileType = sourcecode.swift; path = TechnieNotificationsCell.swift; sourceTree = "<group>"; };
		8AE2B0F925C9905600479C49 /* JobSearchResultsVC.swift */ = {isa = PBXFileReference; lastKnownFileType = sourcecode.swift; path = JobSearchResultsVC.swift; sourceTree = "<group>"; };
		8AE4096925AEFF0F00A29453 /* TechnieTabController.swift */ = {isa = PBXFileReference; lastKnownFileType = sourcecode.swift; path = TechnieTabController.swift; sourceTree = "<group>"; };
		8AE4096E25AEFF4C00A29453 /* TechnieFeedVC.swift */ = {isa = PBXFileReference; lastKnownFileType = sourcecode.swift; path = TechnieFeedVC.swift; sourceTree = "<group>"; };
		8AE4098025AF011200A29453 /* TechnieServiceVC.swift */ = {isa = PBXFileReference; lastKnownFileType = sourcecode.swift; path = TechnieServiceVC.swift; sourceTree = "<group>"; };
		8AE4098525AF013800A29453 /* TechnieProfileVC.swift */ = {isa = PBXFileReference; lastKnownFileType = sourcecode.swift; path = TechnieProfileVC.swift; sourceTree = "<group>"; };
		8AE4098A25AF015200A29453 /* TechnieNotificationVC.swift */ = {isa = PBXFileReference; lastKnownFileType = sourcecode.swift; path = TechnieNotificationVC.swift; sourceTree = "<group>"; };
		8AF76A4D258B0B0700ED14C2 /* UserProfileVC.swift */ = {isa = PBXFileReference; lastKnownFileType = sourcecode.swift; path = UserProfileVC.swift; sourceTree = "<group>"; };
		8AF76A52258B23BF00ED14C2 /* ProfileTableViewCell.swift */ = {isa = PBXFileReference; lastKnownFileType = sourcecode.swift; path = ProfileTableViewCell.swift; sourceTree = "<group>"; };
		8AF76A6F258B440D00ED14C2 /* KeyboardLayoutConstraint.swift */ = {isa = PBXFileReference; fileEncoding = 4; lastKnownFileType = sourcecode.swift; path = KeyboardLayoutConstraint.swift; sourceTree = "<group>"; };
		8AF76A70258B440D00ED14C2 /* UIFeedBackGenerator.swift */ = {isa = PBXFileReference; fileEncoding = 4; lastKnownFileType = sourcecode.swift; path = UIFeedBackGenerator.swift; sourceTree = "<group>"; };
		8AF76A71258B440D00ED14C2 /* TrashBinCode.swift */ = {isa = PBXFileReference; fileEncoding = 4; lastKnownFileType = sourcecode.swift; path = TrashBinCode.swift; sourceTree = "<group>"; };
		8AF76A72258B440D00ED14C2 /* MyActivityIndicator.swift */ = {isa = PBXFileReference; fileEncoding = 4; lastKnownFileType = sourcecode.swift; path = MyActivityIndicator.swift; sourceTree = "<group>"; };
		8AF76A73258B440D00ED14C2 /* Extensions.swift */ = {isa = PBXFileReference; fileEncoding = 4; lastKnownFileType = sourcecode.swift; path = Extensions.swift; sourceTree = "<group>"; };
		8AF76A74258B440D00ED14C2 /* Typealias.swift */ = {isa = PBXFileReference; fileEncoding = 4; lastKnownFileType = sourcecode.swift; path = Typealias.swift; sourceTree = "<group>"; };
		8AF76A75258B440D00ED14C2 /* SpeechService.swift */ = {isa = PBXFileReference; fileEncoding = 4; lastKnownFileType = sourcecode.swift; path = SpeechService.swift; sourceTree = "<group>"; };
		8AF76A76258B440D00ED14C2 /* UIScrollView+.swift */ = {isa = PBXFileReference; fileEncoding = 4; lastKnownFileType = sourcecode.swift; path = "UIScrollView+.swift"; sourceTree = "<group>"; };
		8AF76A85258B64FC00ED14C2 /* TechnieRankingCell.swift */ = {isa = PBXFileReference; lastKnownFileType = sourcecode.swift; path = TechnieRankingCell.swift; sourceTree = "<group>"; };
		8AF76A8D258B671500ED14C2 /* HeaderView.swift */ = {isa = PBXFileReference; lastKnownFileType = sourcecode.swift; path = HeaderView.swift; sourceTree = "<group>"; };
		C3C5AAEDAD5D7062AB545416 /* Pods-TechnieTests.release.xcconfig */ = {isa = PBXFileReference; includeInIndex = 1; lastKnownFileType = text.xcconfig; name = "Pods-TechnieTests.release.xcconfig"; path = "Target Support Files/Pods-TechnieTests/Pods-TechnieTests.release.xcconfig"; sourceTree = "<group>"; };
		CF3018EC24A7D0B2C6CD3150 /* Pods-Technie.debug.xcconfig */ = {isa = PBXFileReference; includeInIndex = 1; lastKnownFileType = text.xcconfig; name = "Pods-Technie.debug.xcconfig"; path = "Target Support Files/Pods-Technie/Pods-Technie.debug.xcconfig"; sourceTree = "<group>"; };
		F23088A4789BBA0BED0151D5 /* Pods-Technie-TechnieUITests.debug.xcconfig */ = {isa = PBXFileReference; includeInIndex = 1; lastKnownFileType = text.xcconfig; name = "Pods-Technie-TechnieUITests.debug.xcconfig"; path = "Target Support Files/Pods-Technie-TechnieUITests/Pods-Technie-TechnieUITests.debug.xcconfig"; sourceTree = "<group>"; };
		FE8CFBED81E14B3B58F067E7 /* Pods-TechnieTests.debug.xcconfig */ = {isa = PBXFileReference; includeInIndex = 1; lastKnownFileType = text.xcconfig; name = "Pods-TechnieTests.debug.xcconfig"; path = "Target Support Files/Pods-TechnieTests/Pods-TechnieTests.debug.xcconfig"; sourceTree = "<group>"; };
		FFA879CA9FAC3DDD95970C0F /* Pods_TechnieTests.framework */ = {isa = PBXFileReference; explicitFileType = wrapper.framework; includeInIndex = 0; path = Pods_TechnieTests.framework; sourceTree = BUILT_PRODUCTS_DIR; };
/* End PBXFileReference section */

/* Begin PBXFrameworksBuildPhase section */
		8AC1B11C258A2D8D000F2569 /* Frameworks */ = {
			isa = PBXFrameworksBuildPhase;
			buildActionMask = 2147483647;
			files = (
				8A8F8554258A408700C4CEF9 /* LBTATools in Frameworks */,
				8AA43A2125D145FF00140649 /* NotificationBannerSwift in Frameworks */,
				8AADFB8E25B5A59700D3A5CC /* SDWebImageMapKit in Frameworks */,
				8A54FAD225B56ED100814216 /* MessageKit in Frameworks */,
				8AADFB8C25B5A59700D3A5CC /* SDWebImage in Frameworks */,
				FAC04EE8597FB7C092875D9C /* Pods_Technie.framework in Frameworks */,
			);
			runOnlyForDeploymentPostprocessing = 0;
		};
		8AC1B132258A2D8F000F2569 /* Frameworks */ = {
			isa = PBXFrameworksBuildPhase;
			buildActionMask = 2147483647;
			files = (
				F615929100B23AE69709F5FD /* Pods_TechnieTests.framework in Frameworks */,
			);
			runOnlyForDeploymentPostprocessing = 0;
		};
		8AC1B13D258A2D8F000F2569 /* Frameworks */ = {
			isa = PBXFrameworksBuildPhase;
			buildActionMask = 2147483647;
			files = (
				F422771D35CC7008371B84D1 /* Pods_Technie_TechnieUITests.framework in Frameworks */,
			);
			runOnlyForDeploymentPostprocessing = 0;
		};
/* End PBXFrameworksBuildPhase section */

/* Begin PBXGroup section */
		3DC449583FD67BDDF1C76373 /* Frameworks */ = {
			isa = PBXGroup;
			children = (
				3608D5D19A7FDEC3B4F67809 /* Pods_Technie.framework */,
				583B6750D252DA954CA48DB6 /* Pods_Technie_TechnieUITests.framework */,
				FFA879CA9FAC3DDD95970C0F /* Pods_TechnieTests.framework */,
			);
			name = Frameworks;
			sourceTree = "<group>";
		};
		739FC7B6792C96C6863A73F6 /* Pods */ = {
			isa = PBXGroup;
			children = (
				CF3018EC24A7D0B2C6CD3150 /* Pods-Technie.debug.xcconfig */,
				02EA2A169FF763E9381CCE52 /* Pods-Technie.release.xcconfig */,
				F23088A4789BBA0BED0151D5 /* Pods-Technie-TechnieUITests.debug.xcconfig */,
				2D46E59A249A48CCCD995D78 /* Pods-Technie-TechnieUITests.release.xcconfig */,
				FE8CFBED81E14B3B58F067E7 /* Pods-TechnieTests.debug.xcconfig */,
				C3C5AAEDAD5D7062AB545416 /* Pods-TechnieTests.release.xcconfig */,
			);
			path = Pods;
			sourceTree = "<group>";
		};
		8A41E7A425B07A8100265D5C /* Cells */ = {
			isa = PBXGroup;
			children = (
				8A41E7A525B07AB500265D5C /* ActiveJobsCell.swift */,
				8A41E7AA25B07AD900265D5C /* PreviousJobsCell.swift */,
			);
			path = Cells;
			sourceTree = "<group>";
		};
		8A41E7B525B07D5600265D5C /* Cells */ = {
			isa = PBXGroup;
			children = (
				8A41E7B625B07D6C00265D5C /* TechineProfileTVCell.swift */,
				8A13FDFD25DE3E9D0034945D /* TechnieAccountCell.swift */,
				8A13FE0525DE4F130034945D /* TechnieSavedJobsCell.swift */,
				8A13FE0A25DE51410034945D /* TechnieEditProfileCell.swift */,
				8A630B1F25E52FCA00733475 /* TechnieStatsCell.swift */,
			);
			path = Cells;
			sourceTree = "<group>";
		};
		8A54D19B25CBEB5900045D37 /* TechnicianProfileDetailsVC */ = {
			isa = PBXGroup;
			children = (
				8A6C839725CADA8B0082D51F /* TechnicianProfileDetailsVC.swift */,
				8A54D19C25CBEB7400045D37 /* AboutVC.swift */,
				8A54D1A425CBEBA800045D37 /* ReviewsVC.swift */,
			);
			path = TechnicianProfileDetailsVC;
			sourceTree = "<group>";
		};
		8A64899325E1178D0019A6DC /* Test */ = {
			isa = PBXGroup;
			children = (
				8A64899A25E11BA30019A6DC /* LoginVC.swift */,
				8A64899925E11BA20019A6DC /* SignupVC.swift */,
				8A64899425E117B70019A6DC /* ChooseAccountTypeVC.swift */,
				8A6489A025E11C7D0019A6DC /* LoginOrSignupVC.swift */,
			);
			path = Test;
			sourceTree = "<group>";
		};
		8A68A56325B7058B000D988F /* DB Managers */ = {
			isa = PBXGroup;
			children = (
				8A68A56525B705BA000D988F /* DatabaseManager.swift */,
				8A68A56425B705B9000D988F /* StorageManager.swift */,
			);
			path = "DB Managers";
			sourceTree = "<group>";
		};
		8A73943A25C6CE7600060075 /* ChatModel */ = {
			isa = PBXGroup;
			children = (
				8AC93A8F25B6EF3A00663BE3 /* SearchResult.swift */,
				8AC93A9025B6EF3A00663BE3 /* ConversationsModels.swift */,
				8AC93A9125B6EF3A00663BE3 /* ChatModels.swift */,
			);
			path = ChatModel;
			sourceTree = "<group>";
		};
		8A76FA6E258E1D300094C524 /* Cells */ = {
			isa = PBXGroup;
			children = (
				8AF76A8D258B671500ED14C2 /* HeaderView.swift */,
				8A76FA66258E1CDF0094C524 /* SearchResultCell.swift */,
				8AF76A85258B64FC00ED14C2 /* TechnieRankingCell.swift */,
				8A8F854D258A3D0500C4CEF9 /* NearbyTechniesCell.swift */,
				8A54D1A925CBFAEE00045D37 /* AboutCell.swift */,
				8A05765B25CD77390071FDD1 /* ReviewsCell.swift */,
				8A05766025CD9E0A0071FDD1 /* FullRankingCell.swift */,
				8A0C0B4725D11ACB0072729D /* TechnicianSearchResultsCell.swift */,
				8A21738825D5A025006FC895 /* ReviewCollectionViewCell.swift */,
			);
			path = Cells;
			sourceTree = "<group>";
		};
		8A8F72A525C29DFE00F4ABFF /* Cells */ = {
			isa = PBXGroup;
			children = (
				8AADFB9325B5A7E200D3A5CC /* ConversationsTVCell.swift */,
				8A8F72A625C29E4B00F4ABFF /* ChatInfoCells.swift */,
				8ACD6AF225C438B200CC057D /* PhotoCollectionViewerCell.swift */,
				8ACD6B0225C4547500CC057D /* LocationCollectionViewerCell.swift */,
			);
			path = Cells;
			sourceTree = "<group>";
		};
		8A8F8543258A3BBA00C4CEF9 /* FeedVC */ = {
			isa = PBXGroup;
			children = (
				8AC1B126258A2D8D000F2569 /* ClientFeedVC.swift */,
				8A0C0B3C25D119C30072729D /* TechnicianSearchResultsVC.swift */,
				8A76FA4E258DE3EF0094C524 /* RankedTechnieVC.swift */,
				8A76FA56258DEBB20094C524 /* FullRankingVC.swift */,
				8A76FA5E258DF2F40094C524 /* NearbyDetailVC.swift */,
				8A54D19B25CBEB5900045D37 /* TechnicianProfileDetailsVC */,
				8A76FA6E258E1D300094C524 /* Cells */,
			);
			path = FeedVC;
			sourceTree = "<group>";
		};
		8A8F8544258A3BCC00C4CEF9 /* SearchView */ = {
			isa = PBXGroup;
			children = (
				8A8F8520258A353500C4CEF9 /* ClientSearchVC.swift */,
			);
			path = SearchView;
			sourceTree = "<group>";
		};
		8A8F8545258A3BD600C4CEF9 /* PostVC */ = {
			isa = PBXGroup;
			children = (
				8A8F8525258A355700C4CEF9 /* ClientPostVC.swift */,
				8A6A32742598C73A001FE408 /* PostSectionVC.swift */,
				8AAB8820259B557000BCBD33 /* PostFormVC.swift */,
				8A997F2F25A823AE00B144CD /* SkillSelectionVC.swift */,
				8A9125642598C490005034A1 /* Cells */,
			);
			path = PostVC;
			sourceTree = "<group>";
		};
		8A8F8546258A3BE100C4CEF9 /* ChatVC */ = {
			isa = PBXGroup;
			children = (
				8A8F852D258A357200C4CEF9 /* ClientChatVC.swift */,
			);
			path = ChatVC;
			sourceTree = "<group>";
		};
		8A8F8547258A3BE900C4CEF9 /* NotificationVC */ = {
			isa = PBXGroup;
			children = (
				8A8F8532258A358400C4CEF9 /* ClientNotificationVC.swift */,
			);
			path = NotificationVC;
			sourceTree = "<group>";
		};
		8A9125642598C490005034A1 /* Cells */ = {
			isa = PBXGroup;
			children = (
				8A7971912595DE8C00648A3C /* ClientPostCell.swift */,
				8A9125652598C505005034A1 /* PostSectionCell.swift */,
				8AAB8828259B625E00BCBD33 /* PostFormCell.swift */,
				8A997F3725A8380E00B144CD /* SkillSelectionTVCell.swift */,
			);
			path = Cells;
			sourceTree = "<group>";
		};
		8AA43A2C25D1518100140649 /* RecommendationVC */ = {
			isa = PBXGroup;
			children = (
				8AA43A2D25D1519C00140649 /* RecommendationVC.swift */,
				8AD772A525D2643700955B9A /* RecommendationCell.swift */,
			);
			path = RecommendationVC;
			sourceTree = "<group>";
		};
		8AAE555E25DC0C91003AB202 /* Cells */ = {
			isa = PBXGroup;
			children = (
				8AF76A52258B23BF00ED14C2 /* ProfileTableViewCell.swift */,
				8AAE555325DC093D003AB202 /* ClientPostHistoryCell.swift */,
				8A8D1BC825DD33CC0076C56E /* SettingsCell.swift */,
				8A8D1BCD25DD33DC0076C56E /* EditProfileCell.swift */,
			);
			path = Cells;
			sourceTree = "<group>";
		};
		8AC1B116258A2D8D000F2569 = {
			isa = PBXGroup;
			children = (
				8AC1B121258A2D8D000F2569 /* Technie */,
				8AC1B138258A2D8F000F2569 /* TechnieTests */,
				8AC1B143258A2D8F000F2569 /* TechnieUITests */,
				8AC1B120258A2D8D000F2569 /* Products */,
				739FC7B6792C96C6863A73F6 /* Pods */,
				3DC449583FD67BDDF1C76373 /* Frameworks */,
			);
			sourceTree = "<group>";
		};
		8AC1B120258A2D8D000F2569 /* Products */ = {
			isa = PBXGroup;
			children = (
				8AC1B11F258A2D8D000F2569 /* Technie.app */,
				8AC1B135258A2D8F000F2569 /* TechnieTests.xctest */,
				8AC1B140258A2D8F000F2569 /* TechnieUITests.xctest */,
			);
			name = Products;
			sourceTree = "<group>";
		};
		8AC1B121258A2D8D000F2569 /* Technie */ = {
			isa = PBXGroup;
			children = (
				8AC1B130258A2D8F000F2569 /* Info.plist */,
				8AADFB6325B5834000D3A5CC /* GoogleService-Info.plist */,
				8AC1B155258A2DAB000F2569 /* App */,
				8A68A56325B7058B000D988F /* DB Managers */,
				8AC1B15C258A2E05000F2569 /* Model */,
				8AC1B15D258A2E18000F2569 /* View */,
				8AC1B15E258A2E29000F2569 /* ViewModel */,
			);
			path = Technie;
			sourceTree = "<group>";
		};
		8AC1B138258A2D8F000F2569 /* TechnieTests */ = {
			isa = PBXGroup;
			children = (
				8AC1B139258A2D8F000F2569 /* TechnieTests.swift */,
				8AC1B13B258A2D8F000F2569 /* Info.plist */,
			);
			path = TechnieTests;
			sourceTree = "<group>";
		};
		8AC1B143258A2D8F000F2569 /* TechnieUITests */ = {
			isa = PBXGroup;
			children = (
				8AC1B144258A2D8F000F2569 /* TechnieUITests.swift */,
				8AC1B146258A2D8F000F2569 /* Info.plist */,
			);
			path = TechnieUITests;
			sourceTree = "<group>";
		};
		8AC1B155258A2DAB000F2569 /* App */ = {
			isa = PBXGroup;
			children = (
				8AF76A6E258B440D00ED14C2 /* utils */,
				8AC1B122258A2D8D000F2569 /* AppDelegate.swift */,
				8AC1B124258A2D8D000F2569 /* SceneDelegate.swift */,
				8AC1B12B258A2D8F000F2569 /* Assets.xcassets */,
				8AC1B12D258A2D8F000F2569 /* LaunchScreen.storyboard */,
			);
			path = App;
			sourceTree = "<group>";
		};
		8AC1B15C258A2E05000F2569 /* Model */ = {
			isa = PBXGroup;
			children = (
				8AC93A9225B6EF3A00663BE3 /* ProfileViewModel.swift */,
				8A73943A25C6CE7600060075 /* ChatModel */,
				8AE258A1258A30AD004EDB26 /* TechnieModel */,
				8AE2589D258A3074004EDB26 /* ClientModel */,
			);
			path = Model;
			sourceTree = "<group>";
		};
		8AC1B15D258A2E18000F2569 /* View */ = {
			isa = PBXGroup;
			children = (
				8A64899325E1178D0019A6DC /* Test */,
				8AC93A8525B6EC8100663BE3 /* ChatVC */,
				8AFC383125AEFECD004ECDF3 /* TechnieView */,
				8AE2589C258A305D004EDB26 /* ClientView */,
			);
			path = View;
			sourceTree = "<group>";
		};
		8AC1B15E258A2E29000F2569 /* ViewModel */ = {
			isa = PBXGroup;
			children = (
				8AE2589F258A308B004EDB26 /* TechnieViewModel */,
				8AE2589E258A307F004EDB26 /* ClientViewModel */,
			);
			path = ViewModel;
			sourceTree = "<group>";
		};
		8AC93A8525B6EC8100663BE3 /* ChatVC */ = {
			isa = PBXGroup;
			children = (
				8AC93A9A25B6F04600663BE3 /* ConversationVC.swift */,
				8AC93A8625B6ECB200663BE3 /* ChatVC.swift */,
				8AD8743325B88B8400BB2F6F /* PhotoViewerVC.swift */,
				8A00AB2825B981D000C250C4 /* LocationPickerVC.swift */,
				8ADA18AD25C0557B0040D3C6 /* ChatInfoVC.swift */,
				8ACD6AED25C4384000CC057D /* PhotoCollectionViewerVC.swift */,
				8ACD6AFD25C4534200CC057D /* LocationCollectionViewerVC.swift */,
				8A8F72A525C29DFE00F4ABFF /* Cells */,
			);
			path = ChatVC;
			sourceTree = "<group>";
		};
		8ADECCBF25B025EA00F871EF /* Cells */ = {
			isa = PBXGroup;
			children = (
				8ADECCC325B026F600F871EF /* FeedsTVCell.swift */,
				8A159DFC25B307D900D45C60 /* JobDetailCVCell.swift */,
				8A159E0125B316CC00D45C60 /* JobDetailTVCell.swift */,
				8A4B746925C6DBAB0051619C /* SubmitProposalCell.swift */,
			);
			path = Cells;
			sourceTree = "<group>";
		};
		8AE2589C258A305D004EDB26 /* ClientView */ = {
			isa = PBXGroup;
			children = (
				8AA43A2C25D1518100140649 /* RecommendationVC */,
				8AE258A5258A3156004EDB26 /* ClientTabController.swift */,
				8AF76A4B258B0AC800ED14C2 /* ClientProfile */,
				8A8F8543258A3BBA00C4CEF9 /* FeedVC */,
				8A8F8544258A3BCC00C4CEF9 /* SearchView */,
				8A8F8545258A3BD600C4CEF9 /* PostVC */,
				8A8F8546258A3BE100C4CEF9 /* ChatVC */,
				8A8F8547258A3BE900C4CEF9 /* NotificationVC */,
			);
			path = ClientView;
			sourceTree = "<group>";
		};
		8AE2589D258A3074004EDB26 /* ClientModel */ = {
			isa = PBXGroup;
			children = (
			);
			path = ClientModel;
			sourceTree = "<group>";
		};
		8AE2589E258A307F004EDB26 /* ClientViewModel */ = {
			isa = PBXGroup;
			children = (
			);
			path = ClientViewModel;
			sourceTree = "<group>";
		};
		8AE2589F258A308B004EDB26 /* TechnieViewModel */ = {
			isa = PBXGroup;
			children = (
			);
			path = TechnieViewModel;
			sourceTree = "<group>";
		};
		8AE258A1258A30AD004EDB26 /* TechnieModel */ = {
			isa = PBXGroup;
			children = (
				8AADFB7C25B58A2E00D3A5CC /* Chat.swift */,
				8AADFB8325B58E7300D3A5CC /* Message.swift */,
			);
			path = TechnieModel;
			sourceTree = "<group>";
		};
		8AE2B0F025C97A9100479C49 /* Cells */ = {
			isa = PBXGroup;
			children = (
				8AE2B0F125C97B2500479C49 /* TechnieNotificationsCell.swift */,
			);
			path = Cells;
			sourceTree = "<group>";
		};
		8AE4097325AEFF7D00A29453 /* TechnieFeedVC */ = {
			isa = PBXGroup;
			children = (
				8AE4096E25AEFF4C00A29453 /* TechnieFeedVC.swift */,
				8AD3D07625B1D3FD00858CAD /* JobDetailsVC.swift */,
				8A4B746425C6D7E40051619C /* SubmitProposalVC.swift */,
				8AE2B0F925C9905600479C49 /* JobSearchResultsVC.swift */,
				8ADECCBF25B025EA00F871EF /* Cells */,
			);
			path = TechnieFeedVC;
			sourceTree = "<group>";
		};
		8AE4097425AEFFB300A29453 /* TechnieServiceVC */ = {
			isa = PBXGroup;
			children = (
				8AE4098025AF011200A29453 /* TechnieServiceVC.swift */,
				8A41E7A425B07A8100265D5C /* Cells */,
			);
			path = TechnieServiceVC;
			sourceTree = "<group>";
		};
		8AE4097525AEFFBF00A29453 /* TechnieNotificationVC */ = {
			isa = PBXGroup;
			children = (
				8AE4098A25AF015200A29453 /* TechnieNotificationVC.swift */,
				8AE2B0F025C97A9100479C49 /* Cells */,
			);
			path = TechnieNotificationVC;
			sourceTree = "<group>";
		};
		8AE4097625AEFFD500A29453 /* TechnieChatVC */ = {
			isa = PBXGroup;
			children = (
			);
			path = TechnieChatVC;
			sourceTree = "<group>";
		};
		8AE4097725AEFFEB00A29453 /* TechnieProfileVC */ = {
			isa = PBXGroup;
			children = (
				8AE4098525AF013800A29453 /* TechnieProfileVC.swift */,
				8A41E7BB25B07F1D00265D5C /* TechnieProfileTVOptions.swift */,
				8A13FDF325DE3E050034945D /* TechnieEditProfileVC.swift */,
				8A13FDE525DE3DB30034945D /* TechnieAccountVC.swift */,
				8A13FDF825DE3E560034945D /* TechnieSavedJobsVC.swift */,
				8A630B1725E52B5200733475 /* TechnieStatsVC.swift */,
				8A13FDDD25DE3AD20034945D /* TechnieGeneralVC.swift */,
				8A41E7B525B07D5600265D5C /* Cells */,
			);
			path = TechnieProfileVC;
			sourceTree = "<group>";
		};
		8AF76A4B258B0AC800ED14C2 /* ClientProfile */ = {
			isa = PBXGroup;
			children = (
				8AF76A4D258B0B0700ED14C2 /* UserProfileVC.swift */,
				8A79718C2595CAA000648A3C /* ProfileEnum.swift */,
				8AAE556A25DC0CC9003AB202 /* EditProfileVC.swift */,
				8AAE557225DC0CF2003AB202 /* ClientHelpCenterVC.swift */,
				8AAE554E25DC08FE003AB202 /* ClientPostHistoryVC.swift */,
				8AAE555F25DC0CAE003AB202 /* ClientSettingsVC.swift */,
				8AAE555E25DC0C91003AB202 /* Cells */,
			);
			path = ClientProfile;
			sourceTree = "<group>";
		};
		8AF76A6E258B440D00ED14C2 /* utils */ = {
			isa = PBXGroup;
			children = (
				8A54D19325CBE19100045D37 /* CustomSegmentedControl.swift */,
				8AF76A6F258B440D00ED14C2 /* KeyboardLayoutConstraint.swift */,
				8AF76A70258B440D00ED14C2 /* UIFeedBackGenerator.swift */,
				8AF76A71258B440D00ED14C2 /* TrashBinCode.swift */,
				8AF76A72258B440D00ED14C2 /* MyActivityIndicator.swift */,
				8AF76A73258B440D00ED14C2 /* Extensions.swift */,
				8AF76A74258B440D00ED14C2 /* Typealias.swift */,
				8AF76A75258B440D00ED14C2 /* SpeechService.swift */,
				8AF76A76258B440D00ED14C2 /* UIScrollView+.swift */,
				8A60EEBA258CDB2E0061A830 /* LivePreview.swift */,
				8A997F3C25A83BC300B144CD /* MultipleSectionHandler.swift */,
			);
			path = utils;
			sourceTree = "<group>";
		};
		8AFC383125AEFECD004ECDF3 /* TechnieView */ = {
			isa = PBXGroup;
			children = (
				8AE4096925AEFF0F00A29453 /* TechnieTabController.swift */,
				8AE4097325AEFF7D00A29453 /* TechnieFeedVC */,
				8AE4097625AEFFD500A29453 /* TechnieChatVC */,
				8AE4097425AEFFB300A29453 /* TechnieServiceVC */,
				8AE4097525AEFFBF00A29453 /* TechnieNotificationVC */,
				8AE4097725AEFFEB00A29453 /* TechnieProfileVC */,
			);
			path = TechnieView;
			sourceTree = "<group>";
		};
/* End PBXGroup section */

/* Begin PBXNativeTarget section */
		8AC1B11E258A2D8D000F2569 /* Technie */ = {
			isa = PBXNativeTarget;
			buildConfigurationList = 8AC1B149258A2D8F000F2569 /* Build configuration list for PBXNativeTarget "Technie" */;
			buildPhases = (
				FC62369939FD68E46A595A2E /* [CP] Check Pods Manifest.lock */,
				8AC1B11B258A2D8D000F2569 /* Sources */,
				8AC1B11C258A2D8D000F2569 /* Frameworks */,
				8AC1B11D258A2D8D000F2569 /* Resources */,
				1D51E89AD4F11788889E9206 /* [CP] Embed Pods Frameworks */,
				2889349B3B8696B5218A9755 /* [CP] Copy Pods Resources */,
			);
			buildRules = (
			);
			dependencies = (
			);
			name = Technie;
			packageProductDependencies = (
				8A8F8553258A408700C4CEF9 /* LBTATools */,
				8A54FAD125B56ED100814216 /* MessageKit */,
				8AADFB8B25B5A59700D3A5CC /* SDWebImage */,
				8AADFB8D25B5A59700D3A5CC /* SDWebImageMapKit */,
				8AA43A2025D145FF00140649 /* NotificationBannerSwift */,
			);
			productName = Technie;
			productReference = 8AC1B11F258A2D8D000F2569 /* Technie.app */;
			productType = "com.apple.product-type.application";
		};
		8AC1B134258A2D8F000F2569 /* TechnieTests */ = {
			isa = PBXNativeTarget;
			buildConfigurationList = 8AC1B14C258A2D8F000F2569 /* Build configuration list for PBXNativeTarget "TechnieTests" */;
			buildPhases = (
				E0CE5D3EBBE695C704F89339 /* [CP] Check Pods Manifest.lock */,
				8AC1B131258A2D8F000F2569 /* Sources */,
				8AC1B132258A2D8F000F2569 /* Frameworks */,
				8AC1B133258A2D8F000F2569 /* Resources */,
			);
			buildRules = (
			);
			dependencies = (
				8AC1B137258A2D8F000F2569 /* PBXTargetDependency */,
			);
			name = TechnieTests;
			productName = TechnieTests;
			productReference = 8AC1B135258A2D8F000F2569 /* TechnieTests.xctest */;
			productType = "com.apple.product-type.bundle.unit-test";
		};
		8AC1B13F258A2D8F000F2569 /* TechnieUITests */ = {
			isa = PBXNativeTarget;
			buildConfigurationList = 8AC1B14F258A2D8F000F2569 /* Build configuration list for PBXNativeTarget "TechnieUITests" */;
			buildPhases = (
				B405611024C7EC9244AD7D34 /* [CP] Check Pods Manifest.lock */,
				8AC1B13C258A2D8F000F2569 /* Sources */,
				8AC1B13D258A2D8F000F2569 /* Frameworks */,
				8AC1B13E258A2D8F000F2569 /* Resources */,
				2B995B3364F73BF722928373 /* [CP] Embed Pods Frameworks */,
				915B5AF20A2C71E8F0F15A31 /* [CP] Copy Pods Resources */,
			);
			buildRules = (
			);
			dependencies = (
				8AC1B142258A2D8F000F2569 /* PBXTargetDependency */,
			);
			name = TechnieUITests;
			productName = TechnieUITests;
			productReference = 8AC1B140258A2D8F000F2569 /* TechnieUITests.xctest */;
			productType = "com.apple.product-type.bundle.ui-testing";
		};
/* End PBXNativeTarget section */

/* Begin PBXProject section */
		8AC1B117258A2D8D000F2569 /* Project object */ = {
			isa = PBXProject;
			attributes = {
				LastSwiftUpdateCheck = 1210;
				LastUpgradeCheck = 1210;
				TargetAttributes = {
					8AC1B11E258A2D8D000F2569 = {
						CreatedOnToolsVersion = 12.1;
					};
					8AC1B134258A2D8F000F2569 = {
						CreatedOnToolsVersion = 12.1;
						TestTargetID = 8AC1B11E258A2D8D000F2569;
					};
					8AC1B13F258A2D8F000F2569 = {
						CreatedOnToolsVersion = 12.1;
						TestTargetID = 8AC1B11E258A2D8D000F2569;
					};
				};
			};
			buildConfigurationList = 8AC1B11A258A2D8D000F2569 /* Build configuration list for PBXProject "Technie" */;
			compatibilityVersion = "Xcode 9.3";
			developmentRegion = en;
			hasScannedForEncodings = 0;
			knownRegions = (
				en,
				Base,
			);
			mainGroup = 8AC1B116258A2D8D000F2569;
			packageReferences = (
				8A8F8552258A408700C4CEF9 /* XCRemoteSwiftPackageReference "LBTATools" */,
				8A54FAD025B56ED100814216 /* XCRemoteSwiftPackageReference "MessageKit" */,
				8AADFB8A25B5A59700D3A5CC /* XCRemoteSwiftPackageReference "SDWebImage" */,
				8AA43A1F25D145FF00140649 /* XCRemoteSwiftPackageReference "NotificationBanner" */,
			);
			productRefGroup = 8AC1B120258A2D8D000F2569 /* Products */;
			projectDirPath = "";
			projectRoot = "";
			targets = (
				8AC1B11E258A2D8D000F2569 /* Technie */,
				8AC1B134258A2D8F000F2569 /* TechnieTests */,
				8AC1B13F258A2D8F000F2569 /* TechnieUITests */,
			);
		};
/* End PBXProject section */

/* Begin PBXResourcesBuildPhase section */
		8AC1B11D258A2D8D000F2569 /* Resources */ = {
			isa = PBXResourcesBuildPhase;
			buildActionMask = 2147483647;
			files = (
				8AC1B12F258A2D8F000F2569 /* LaunchScreen.storyboard in Resources */,
				8AC1B12C258A2D8F000F2569 /* Assets.xcassets in Resources */,
				8AADFB6425B5834000D3A5CC /* GoogleService-Info.plist in Resources */,
			);
			runOnlyForDeploymentPostprocessing = 0;
		};
		8AC1B133258A2D8F000F2569 /* Resources */ = {
			isa = PBXResourcesBuildPhase;
			buildActionMask = 2147483647;
			files = (
				8AADFB6525B5834000D3A5CC /* GoogleService-Info.plist in Resources */,
			);
			runOnlyForDeploymentPostprocessing = 0;
		};
		8AC1B13E258A2D8F000F2569 /* Resources */ = {
			isa = PBXResourcesBuildPhase;
			buildActionMask = 2147483647;
			files = (
				8AADFB6625B5834000D3A5CC /* GoogleService-Info.plist in Resources */,
			);
			runOnlyForDeploymentPostprocessing = 0;
		};
/* End PBXResourcesBuildPhase section */

/* Begin PBXShellScriptBuildPhase section */
		1D51E89AD4F11788889E9206 /* [CP] Embed Pods Frameworks */ = {
			isa = PBXShellScriptBuildPhase;
			buildActionMask = 2147483647;
			files = (
			);
			inputFileListPaths = (
				"${PODS_ROOT}/Target Support Files/Pods-Technie/Pods-Technie-frameworks-${CONFIGURATION}-input-files.xcfilelist",
			);
			name = "[CP] Embed Pods Frameworks";
			outputFileListPaths = (
				"${PODS_ROOT}/Target Support Files/Pods-Technie/Pods-Technie-frameworks-${CONFIGURATION}-output-files.xcfilelist",
			);
			runOnlyForDeploymentPostprocessing = 0;
			shellPath = /bin/sh;
			shellScript = "\"${PODS_ROOT}/Target Support Files/Pods-Technie/Pods-Technie-frameworks.sh\"\n";
			showEnvVarsInLog = 0;
		};
		2889349B3B8696B5218A9755 /* [CP] Copy Pods Resources */ = {
			isa = PBXShellScriptBuildPhase;
			buildActionMask = 2147483647;
			files = (
			);
			inputFileListPaths = (
				"${PODS_ROOT}/Target Support Files/Pods-Technie/Pods-Technie-resources-${CONFIGURATION}-input-files.xcfilelist",
			);
			name = "[CP] Copy Pods Resources";
			outputFileListPaths = (
				"${PODS_ROOT}/Target Support Files/Pods-Technie/Pods-Technie-resources-${CONFIGURATION}-output-files.xcfilelist",
			);
			runOnlyForDeploymentPostprocessing = 0;
			shellPath = /bin/sh;
			shellScript = "\"${PODS_ROOT}/Target Support Files/Pods-Technie/Pods-Technie-resources.sh\"\n";
			showEnvVarsInLog = 0;
		};
		2B995B3364F73BF722928373 /* [CP] Embed Pods Frameworks */ = {
			isa = PBXShellScriptBuildPhase;
			buildActionMask = 2147483647;
			files = (
			);
			inputFileListPaths = (
				"${PODS_ROOT}/Target Support Files/Pods-Technie-TechnieUITests/Pods-Technie-TechnieUITests-frameworks-${CONFIGURATION}-input-files.xcfilelist",
			);
			name = "[CP] Embed Pods Frameworks";
			outputFileListPaths = (
				"${PODS_ROOT}/Target Support Files/Pods-Technie-TechnieUITests/Pods-Technie-TechnieUITests-frameworks-${CONFIGURATION}-output-files.xcfilelist",
			);
			runOnlyForDeploymentPostprocessing = 0;
			shellPath = /bin/sh;
			shellScript = "\"${PODS_ROOT}/Target Support Files/Pods-Technie-TechnieUITests/Pods-Technie-TechnieUITests-frameworks.sh\"\n";
			showEnvVarsInLog = 0;
		};
		915B5AF20A2C71E8F0F15A31 /* [CP] Copy Pods Resources */ = {
			isa = PBXShellScriptBuildPhase;
			buildActionMask = 2147483647;
			files = (
			);
			inputFileListPaths = (
				"${PODS_ROOT}/Target Support Files/Pods-Technie-TechnieUITests/Pods-Technie-TechnieUITests-resources-${CONFIGURATION}-input-files.xcfilelist",
			);
			name = "[CP] Copy Pods Resources";
			outputFileListPaths = (
				"${PODS_ROOT}/Target Support Files/Pods-Technie-TechnieUITests/Pods-Technie-TechnieUITests-resources-${CONFIGURATION}-output-files.xcfilelist",
			);
			runOnlyForDeploymentPostprocessing = 0;
			shellPath = /bin/sh;
			shellScript = "\"${PODS_ROOT}/Target Support Files/Pods-Technie-TechnieUITests/Pods-Technie-TechnieUITests-resources.sh\"\n";
			showEnvVarsInLog = 0;
		};
		B405611024C7EC9244AD7D34 /* [CP] Check Pods Manifest.lock */ = {
			isa = PBXShellScriptBuildPhase;
			buildActionMask = 2147483647;
			files = (
			);
			inputFileListPaths = (
			);
			inputPaths = (
				"${PODS_PODFILE_DIR_PATH}/Podfile.lock",
				"${PODS_ROOT}/Manifest.lock",
			);
			name = "[CP] Check Pods Manifest.lock";
			outputFileListPaths = (
			);
			outputPaths = (
				"$(DERIVED_FILE_DIR)/Pods-Technie-TechnieUITests-checkManifestLockResult.txt",
			);
			runOnlyForDeploymentPostprocessing = 0;
			shellPath = /bin/sh;
			shellScript = "diff \"${PODS_PODFILE_DIR_PATH}/Podfile.lock\" \"${PODS_ROOT}/Manifest.lock\" > /dev/null\nif [ $? != 0 ] ; then\n    # print error to STDERR\n    echo \"error: The sandbox is not in sync with the Podfile.lock. Run 'pod install' or update your CocoaPods installation.\" >&2\n    exit 1\nfi\n# This output is used by Xcode 'outputs' to avoid re-running this script phase.\necho \"SUCCESS\" > \"${SCRIPT_OUTPUT_FILE_0}\"\n";
			showEnvVarsInLog = 0;
		};
		E0CE5D3EBBE695C704F89339 /* [CP] Check Pods Manifest.lock */ = {
			isa = PBXShellScriptBuildPhase;
			buildActionMask = 2147483647;
			files = (
			);
			inputFileListPaths = (
			);
			inputPaths = (
				"${PODS_PODFILE_DIR_PATH}/Podfile.lock",
				"${PODS_ROOT}/Manifest.lock",
			);
			name = "[CP] Check Pods Manifest.lock";
			outputFileListPaths = (
			);
			outputPaths = (
				"$(DERIVED_FILE_DIR)/Pods-TechnieTests-checkManifestLockResult.txt",
			);
			runOnlyForDeploymentPostprocessing = 0;
			shellPath = /bin/sh;
			shellScript = "diff \"${PODS_PODFILE_DIR_PATH}/Podfile.lock\" \"${PODS_ROOT}/Manifest.lock\" > /dev/null\nif [ $? != 0 ] ; then\n    # print error to STDERR\n    echo \"error: The sandbox is not in sync with the Podfile.lock. Run 'pod install' or update your CocoaPods installation.\" >&2\n    exit 1\nfi\n# This output is used by Xcode 'outputs' to avoid re-running this script phase.\necho \"SUCCESS\" > \"${SCRIPT_OUTPUT_FILE_0}\"\n";
			showEnvVarsInLog = 0;
		};
		FC62369939FD68E46A595A2E /* [CP] Check Pods Manifest.lock */ = {
			isa = PBXShellScriptBuildPhase;
			buildActionMask = 2147483647;
			files = (
			);
			inputFileListPaths = (
			);
			inputPaths = (
				"${PODS_PODFILE_DIR_PATH}/Podfile.lock",
				"${PODS_ROOT}/Manifest.lock",
			);
			name = "[CP] Check Pods Manifest.lock";
			outputFileListPaths = (
			);
			outputPaths = (
				"$(DERIVED_FILE_DIR)/Pods-Technie-checkManifestLockResult.txt",
			);
			runOnlyForDeploymentPostprocessing = 0;
			shellPath = /bin/sh;
			shellScript = "diff \"${PODS_PODFILE_DIR_PATH}/Podfile.lock\" \"${PODS_ROOT}/Manifest.lock\" > /dev/null\nif [ $? != 0 ] ; then\n    # print error to STDERR\n    echo \"error: The sandbox is not in sync with the Podfile.lock. Run 'pod install' or update your CocoaPods installation.\" >&2\n    exit 1\nfi\n# This output is used by Xcode 'outputs' to avoid re-running this script phase.\necho \"SUCCESS\" > \"${SCRIPT_OUTPUT_FILE_0}\"\n";
			showEnvVarsInLog = 0;
		};
/* End PBXShellScriptBuildPhase section */

/* Begin PBXSourcesBuildPhase section */
		8AC1B11B258A2D8D000F2569 /* Sources */ = {
			isa = PBXSourcesBuildPhase;
			buildActionMask = 2147483647;
			files = (
				8A159E0225B316CC00D45C60 /* JobDetailTVCell.swift in Sources */,
				8AAE556B25DC0CC9003AB202 /* EditProfileVC.swift in Sources */,
				8A54D1AA25CBFAEE00045D37 /* AboutCell.swift in Sources */,
				8AE4098B25AF015200A29453 /* TechnieNotificationVC.swift in Sources */,
				8A4B746525C6D7E40051619C /* SubmitProposalVC.swift in Sources */,
				8AC93A9625B6EF3A00663BE3 /* ProfileViewModel.swift in Sources */,
				8A630B2025E52FCA00733475 /* TechnieStatsCell.swift in Sources */,
				8AC1B127258A2D8D000F2569 /* ClientFeedVC.swift in Sources */,
				8AADFB8425B58E7300D3A5CC /* Message.swift in Sources */,
				8AE2B0F225C97B2500479C49 /* TechnieNotificationsCell.swift in Sources */,
				8AADFB7D25B58A2E00D3A5CC /* Chat.swift in Sources */,
				8AC1B123258A2D8D000F2569 /* AppDelegate.swift in Sources */,
				8AC93A9425B6EF3A00663BE3 /* ConversationsModels.swift in Sources */,
				8A6489A125E11C7D0019A6DC /* LoginOrSignupVC.swift in Sources */,
				8A05766125CD9E0A0071FDD1 /* FullRankingCell.swift in Sources */,
				8AF76A7A258B440D00ED14C2 /* MyActivityIndicator.swift in Sources */,
				8A54D1A525CBEBA800045D37 /* ReviewsVC.swift in Sources */,
				8AE258A6258A3156004EDB26 /* ClientTabController.swift in Sources */,
				8A997F3825A8380E00B144CD /* SkillSelectionTVCell.swift in Sources */,
				8AF76A4E258B0B0700ED14C2 /* UserProfileVC.swift in Sources */,
				8AD3D07725B1D3FD00858CAD /* JobDetailsVC.swift in Sources */,
				8AF76A7D258B440D00ED14C2 /* SpeechService.swift in Sources */,
				8A68A56725B705BA000D988F /* DatabaseManager.swift in Sources */,
				8A76FA67258E1CDF0094C524 /* SearchResultCell.swift in Sources */,
				8ADA18AE25C0557C0040D3C6 /* ChatInfoVC.swift in Sources */,
				8AAB8829259B625E00BCBD33 /* PostFormCell.swift in Sources */,
				8A8F852E258A357200C4CEF9 /* ClientChatVC.swift in Sources */,
				8A4B746A25C6DBAB0051619C /* SubmitProposalCell.swift in Sources */,
				8ACD6B0325C4547500CC057D /* LocationCollectionViewerCell.swift in Sources */,
				8AF76A77258B440D00ED14C2 /* KeyboardLayoutConstraint.swift in Sources */,
				8AE2B0FA25C9905600479C49 /* JobSearchResultsVC.swift in Sources */,
				8A79718D2595CAA000648A3C /* ProfileEnum.swift in Sources */,
				8A8F8533258A358400C4CEF9 /* ClientNotificationVC.swift in Sources */,
				8A0C0B4825D11ACB0072729D /* TechnicianSearchResultsCell.swift in Sources */,
				8AC93A8725B6ECB200663BE3 /* ChatVC.swift in Sources */,
				8AF76A86258B64FC00ED14C2 /* TechnieRankingCell.swift in Sources */,
				8A64899C25E11BA30019A6DC /* LoginVC.swift in Sources */,
				8A60EEBB258CDB2E0061A830 /* LivePreview.swift in Sources */,
				8A8D1BC925DD33CD0076C56E /* SettingsCell.swift in Sources */,
				8A13FDE625DE3DB30034945D /* TechnieAccountVC.swift in Sources */,
				8A76FA4F258DE3EF0094C524 /* RankedTechnieVC.swift in Sources */,
				8AC93A9325B6EF3A00663BE3 /* SearchResult.swift in Sources */,
				8A13FDF925DE3E560034945D /* TechnieSavedJobsVC.swift in Sources */,
				8A76FA57258DEBB20094C524 /* FullRankingVC.swift in Sources */,
				8A8F72A725C29E4B00F4ABFF /* ChatInfoCells.swift in Sources */,
				8AF76A8E258B671500ED14C2 /* HeaderView.swift in Sources */,
				8AAE554F25DC08FE003AB202 /* ClientPostHistoryVC.swift in Sources */,
				8ACD6AF325C438B200CC057D /* PhotoCollectionViewerCell.swift in Sources */,
				8A13FDDE25DE3AD20034945D /* TechnieGeneralVC.swift in Sources */,
				8A68A56625B705BA000D988F /* StorageManager.swift in Sources */,
				8AE4098125AF011200A29453 /* TechnieServiceVC.swift in Sources */,
				8AF76A79258B440D00ED14C2 /* TrashBinCode.swift in Sources */,
				8A13FE0B25DE51410034945D /* TechnieEditProfileCell.swift in Sources */,
				8AAB8821259B557000BCBD33 /* PostFormVC.swift in Sources */,
				8AF76A78258B440D00ED14C2 /* UIFeedBackGenerator.swift in Sources */,
				8A8F8521258A353500C4CEF9 /* ClientSearchVC.swift in Sources */,
				8A41E7A625B07AB500265D5C /* ActiveJobsCell.swift in Sources */,
				8A997F3D25A83BC300B144CD /* MultipleSectionHandler.swift in Sources */,
				8A13FE0625DE4F130034945D /* TechnieSavedJobsCell.swift in Sources */,
				8A8D1BCE25DD33DC0076C56E /* EditProfileCell.swift in Sources */,
				8AF76A7B258B440D00ED14C2 /* Extensions.swift in Sources */,
				8AC1B125258A2D8D000F2569 /* SceneDelegate.swift in Sources */,
				8ACD6AFE25C4534200CC057D /* LocationCollectionViewerVC.swift in Sources */,
				8AAE556025DC0CAE003AB202 /* ClientSettingsVC.swift in Sources */,
				8AF76A7C258B440D00ED14C2 /* Typealias.swift in Sources */,
				8A997F3025A823AE00B144CD /* SkillSelectionVC.swift in Sources */,
				8A6A32752598C73A001FE408 /* PostSectionVC.swift in Sources */,
				8AC93A9525B6EF3A00663BE3 /* ChatModels.swift in Sources */,
				8A41E7BC25B07F1D00265D5C /* TechnieProfileTVOptions.swift in Sources */,
				8A54D19425CBE19100045D37 /* CustomSegmentedControl.swift in Sources */,
				8AC93A9B25B6F04600663BE3 /* ConversationVC.swift in Sources */,
				8A159DFD25B307D900D45C60 /* JobDetailCVCell.swift in Sources */,
				8A00AB2925B981D000C250C4 /* LocationPickerVC.swift in Sources */,
				8ACD6AEE25C4384000CC057D /* PhotoCollectionViewerVC.swift in Sources */,
				8AADFB9425B5A7E200D3A5CC /* ConversationsTVCell.swift in Sources */,
				8AA43A2E25D1519C00140649 /* RecommendationVC.swift in Sources */,
				8A630B1825E52B5200733475 /* TechnieStatsVC.swift in Sources */,
				8AAE555425DC093D003AB202 /* ClientPostHistoryCell.swift in Sources */,
				8A05765C25CD77390071FDD1 /* ReviewsCell.swift in Sources */,
				8A64899B25E11BA30019A6DC /* SignupVC.swift in Sources */,
				8A76FA5F258DF2F40094C524 /* NearbyDetailVC.swift in Sources */,
				8A0C0B3D25D119C30072729D /* TechnicianSearchResultsVC.swift in Sources */,
				8A6C839825CADA8B0082D51F /* TechnicianProfileDetailsVC.swift in Sources */,
				8ADECCC425B026F600F871EF /* FeedsTVCell.swift in Sources */,
				8A64899525E117B70019A6DC /* ChooseAccountTypeVC.swift in Sources */,
				8A13FDF425DE3E050034945D /* TechnieEditProfileVC.swift in Sources */,
				8A13FDFE25DE3E9D0034945D /* TechnieAccountCell.swift in Sources */,
				8AD772A625D2643700955B9A /* RecommendationCell.swift in Sources */,
				8A41E7B725B07D6C00265D5C /* TechineProfileTVCell.swift in Sources */,
				8A8F8526258A355700C4CEF9 /* ClientPostVC.swift in Sources */,
				8A9125662598C505005034A1 /* PostSectionCell.swift in Sources */,
				8A21738925D5A025006FC895 /* ReviewCollectionViewCell.swift in Sources */,
				8A7971922595DE8C00648A3C /* ClientPostCell.swift in Sources */,
				8AD8743425B88B8400BB2F6F /* PhotoViewerVC.swift in Sources */,
				8AE4096F25AEFF4C00A29453 /* TechnieFeedVC.swift in Sources */,
				8AF76A53258B23BF00ED14C2 /* ProfileTableViewCell.swift in Sources */,
				8A8F854E258A3D0500C4CEF9 /* NearbyTechniesCell.swift in Sources */,
				8AE4098625AF013800A29453 /* TechnieProfileVC.swift in Sources */,
				8A41E7AB25B07AD900265D5C /* PreviousJobsCell.swift in Sources */,
				8AE4096A25AEFF0F00A29453 /* TechnieTabController.swift in Sources */,
				8AAE557325DC0CF2003AB202 /* ClientHelpCenterVC.swift in Sources */,
				8A54D19D25CBEB7400045D37 /* AboutVC.swift in Sources */,
				8AF76A7E258B440D00ED14C2 /* UIScrollView+.swift in Sources */,
			);
			runOnlyForDeploymentPostprocessing = 0;
		};
		8AC1B131258A2D8F000F2569 /* Sources */ = {
			isa = PBXSourcesBuildPhase;
			buildActionMask = 2147483647;
			files = (
				8AADFB8525B58E7300D3A5CC /* Message.swift in Sources */,
				8A73942125C6CCA400060075 /* PhotoCollectionViewerCell.swift in Sources */,
				8A73941F25C6CCA400060075 /* ChatInfoCells.swift in Sources */,
				8AADFB9525B5A7E200D3A5CC /* ConversationsTVCell.swift in Sources */,
				8AC1B13A258A2D8F000F2569 /* TechnieTests.swift in Sources */,
				8A73941D25C6CCA400060075 /* LocationCollectionViewerCell.swift in Sources */,
				8AADFB7E25B58A2E00D3A5CC /* Chat.swift in Sources */,
			);
			runOnlyForDeploymentPostprocessing = 0;
		};
		8AC1B13C258A2D8F000F2569 /* Sources */ = {
			isa = PBXSourcesBuildPhase;
			buildActionMask = 2147483647;
			files = (
				8AADFB8625B58E7300D3A5CC /* Message.swift in Sources */,
				8A73942025C6CCA400060075 /* PhotoCollectionViewerCell.swift in Sources */,
				8A73941E25C6CCA400060075 /* ChatInfoCells.swift in Sources */,
				8AADFB9625B5A7E200D3A5CC /* ConversationsTVCell.swift in Sources */,
				8AC1B145258A2D8F000F2569 /* TechnieUITests.swift in Sources */,
				8A73941C25C6CCA400060075 /* LocationCollectionViewerCell.swift in Sources */,
				8AADFB7F25B58A2E00D3A5CC /* Chat.swift in Sources */,
			);
			runOnlyForDeploymentPostprocessing = 0;
		};
/* End PBXSourcesBuildPhase section */

/* Begin PBXTargetDependency section */
		8AC1B137258A2D8F000F2569 /* PBXTargetDependency */ = {
			isa = PBXTargetDependency;
			target = 8AC1B11E258A2D8D000F2569 /* Technie */;
			targetProxy = 8AC1B136258A2D8F000F2569 /* PBXContainerItemProxy */;
		};
		8AC1B142258A2D8F000F2569 /* PBXTargetDependency */ = {
			isa = PBXTargetDependency;
			target = 8AC1B11E258A2D8D000F2569 /* Technie */;
			targetProxy = 8AC1B141258A2D8F000F2569 /* PBXContainerItemProxy */;
		};
/* End PBXTargetDependency section */

/* Begin PBXVariantGroup section */
		8AC1B12D258A2D8F000F2569 /* LaunchScreen.storyboard */ = {
			isa = PBXVariantGroup;
			children = (
				8AC1B12E258A2D8F000F2569 /* Base */,
			);
			name = LaunchScreen.storyboard;
			sourceTree = "<group>";
		};
/* End PBXVariantGroup section */

/* Begin XCBuildConfiguration section */
		8AC1B147258A2D8F000F2569 /* Debug */ = {
			isa = XCBuildConfiguration;
			buildSettings = {
				ALWAYS_SEARCH_USER_PATHS = NO;
				CLANG_ANALYZER_NONNULL = YES;
				CLANG_ANALYZER_NUMBER_OBJECT_CONVERSION = YES_AGGRESSIVE;
				CLANG_CXX_LANGUAGE_STANDARD = "gnu++14";
				CLANG_CXX_LIBRARY = "libc++";
				CLANG_ENABLE_MODULES = YES;
				CLANG_ENABLE_OBJC_ARC = YES;
				CLANG_ENABLE_OBJC_WEAK = YES;
				CLANG_WARN_BLOCK_CAPTURE_AUTORELEASING = YES;
				CLANG_WARN_BOOL_CONVERSION = YES;
				CLANG_WARN_COMMA = YES;
				CLANG_WARN_CONSTANT_CONVERSION = YES;
				CLANG_WARN_DEPRECATED_OBJC_IMPLEMENTATIONS = YES;
				CLANG_WARN_DIRECT_OBJC_ISA_USAGE = YES_ERROR;
				CLANG_WARN_DOCUMENTATION_COMMENTS = YES;
				CLANG_WARN_EMPTY_BODY = YES;
				CLANG_WARN_ENUM_CONVERSION = YES;
				CLANG_WARN_INFINITE_RECURSION = YES;
				CLANG_WARN_INT_CONVERSION = YES;
				CLANG_WARN_NON_LITERAL_NULL_CONVERSION = YES;
				CLANG_WARN_OBJC_IMPLICIT_RETAIN_SELF = YES;
				CLANG_WARN_OBJC_LITERAL_CONVERSION = YES;
				CLANG_WARN_OBJC_ROOT_CLASS = YES_ERROR;
				CLANG_WARN_QUOTED_INCLUDE_IN_FRAMEWORK_HEADER = YES;
				CLANG_WARN_RANGE_LOOP_ANALYSIS = YES;
				CLANG_WARN_STRICT_PROTOTYPES = YES;
				CLANG_WARN_SUSPICIOUS_MOVE = YES;
				CLANG_WARN_UNGUARDED_AVAILABILITY = YES_AGGRESSIVE;
				CLANG_WARN_UNREACHABLE_CODE = YES;
				CLANG_WARN__DUPLICATE_METHOD_MATCH = YES;
				COPY_PHASE_STRIP = NO;
				DEBUG_INFORMATION_FORMAT = dwarf;
				ENABLE_STRICT_OBJC_MSGSEND = YES;
				ENABLE_TESTABILITY = YES;
				GCC_C_LANGUAGE_STANDARD = gnu11;
				GCC_DYNAMIC_NO_PIC = NO;
				GCC_NO_COMMON_BLOCKS = YES;
				GCC_OPTIMIZATION_LEVEL = 0;
				GCC_PREPROCESSOR_DEFINITIONS = (
					"DEBUG=1",
					"$(inherited)",
				);
				GCC_WARN_64_TO_32_BIT_CONVERSION = YES;
				GCC_WARN_ABOUT_RETURN_TYPE = YES_ERROR;
				GCC_WARN_UNDECLARED_SELECTOR = YES;
				GCC_WARN_UNINITIALIZED_AUTOS = YES_AGGRESSIVE;
				GCC_WARN_UNUSED_FUNCTION = YES;
				GCC_WARN_UNUSED_VARIABLE = YES;
				IPHONEOS_DEPLOYMENT_TARGET = 14.1;
				MTL_ENABLE_DEBUG_INFO = INCLUDE_SOURCE;
				MTL_FAST_MATH = YES;
				ONLY_ACTIVE_ARCH = YES;
				SDKROOT = iphoneos;
				SWIFT_ACTIVE_COMPILATION_CONDITIONS = DEBUG;
				SWIFT_OPTIMIZATION_LEVEL = "-Onone";
			};
			name = Debug;
		};
		8AC1B148258A2D8F000F2569 /* Release */ = {
			isa = XCBuildConfiguration;
			buildSettings = {
				ALWAYS_SEARCH_USER_PATHS = NO;
				CLANG_ANALYZER_NONNULL = YES;
				CLANG_ANALYZER_NUMBER_OBJECT_CONVERSION = YES_AGGRESSIVE;
				CLANG_CXX_LANGUAGE_STANDARD = "gnu++14";
				CLANG_CXX_LIBRARY = "libc++";
				CLANG_ENABLE_MODULES = YES;
				CLANG_ENABLE_OBJC_ARC = YES;
				CLANG_ENABLE_OBJC_WEAK = YES;
				CLANG_WARN_BLOCK_CAPTURE_AUTORELEASING = YES;
				CLANG_WARN_BOOL_CONVERSION = YES;
				CLANG_WARN_COMMA = YES;
				CLANG_WARN_CONSTANT_CONVERSION = YES;
				CLANG_WARN_DEPRECATED_OBJC_IMPLEMENTATIONS = YES;
				CLANG_WARN_DIRECT_OBJC_ISA_USAGE = YES_ERROR;
				CLANG_WARN_DOCUMENTATION_COMMENTS = YES;
				CLANG_WARN_EMPTY_BODY = YES;
				CLANG_WARN_ENUM_CONVERSION = YES;
				CLANG_WARN_INFINITE_RECURSION = YES;
				CLANG_WARN_INT_CONVERSION = YES;
				CLANG_WARN_NON_LITERAL_NULL_CONVERSION = YES;
				CLANG_WARN_OBJC_IMPLICIT_RETAIN_SELF = YES;
				CLANG_WARN_OBJC_LITERAL_CONVERSION = YES;
				CLANG_WARN_OBJC_ROOT_CLASS = YES_ERROR;
				CLANG_WARN_QUOTED_INCLUDE_IN_FRAMEWORK_HEADER = YES;
				CLANG_WARN_RANGE_LOOP_ANALYSIS = YES;
				CLANG_WARN_STRICT_PROTOTYPES = YES;
				CLANG_WARN_SUSPICIOUS_MOVE = YES;
				CLANG_WARN_UNGUARDED_AVAILABILITY = YES_AGGRESSIVE;
				CLANG_WARN_UNREACHABLE_CODE = YES;
				CLANG_WARN__DUPLICATE_METHOD_MATCH = YES;
				COPY_PHASE_STRIP = NO;
				DEBUG_INFORMATION_FORMAT = "dwarf-with-dsym";
				ENABLE_NS_ASSERTIONS = NO;
				ENABLE_STRICT_OBJC_MSGSEND = YES;
				GCC_C_LANGUAGE_STANDARD = gnu11;
				GCC_NO_COMMON_BLOCKS = YES;
				GCC_WARN_64_TO_32_BIT_CONVERSION = YES;
				GCC_WARN_ABOUT_RETURN_TYPE = YES_ERROR;
				GCC_WARN_UNDECLARED_SELECTOR = YES;
				GCC_WARN_UNINITIALIZED_AUTOS = YES_AGGRESSIVE;
				GCC_WARN_UNUSED_FUNCTION = YES;
				GCC_WARN_UNUSED_VARIABLE = YES;
				IPHONEOS_DEPLOYMENT_TARGET = 14.1;
				MTL_ENABLE_DEBUG_INFO = NO;
				MTL_FAST_MATH = YES;
				SDKROOT = iphoneos;
				SWIFT_COMPILATION_MODE = wholemodule;
				SWIFT_OPTIMIZATION_LEVEL = "-O";
				VALIDATE_PRODUCT = YES;
			};
			name = Release;
		};
		8AC1B14A258A2D8F000F2569 /* Debug */ = {
			isa = XCBuildConfiguration;
			baseConfigurationReference = CF3018EC24A7D0B2C6CD3150 /* Pods-Technie.debug.xcconfig */;
			buildSettings = {
				ASSETCATALOG_COMPILER_APPICON_NAME = AppIcon;
				ASSETCATALOG_COMPILER_GLOBAL_ACCENT_COLOR_NAME = AccentColor;
				CODE_SIGN_STYLE = Automatic;
				DEVELOPMENT_TEAM = P2QGR75A2K;
				INFOPLIST_FILE = Technie/Info.plist;
				LD_RUNPATH_SEARCH_PATHS = (
					"$(inherited)",
					"@executable_path/Frameworks",
				);
				PRODUCT_BUNDLE_IDENTIFIER = com.valterandremachado.Technie;
				PRODUCT_NAME = "$(TARGET_NAME)";
				SWIFT_VERSION = 5.0;
				TARGETED_DEVICE_FAMILY = "1,2";
			};
			name = Debug;
		};
		8AC1B14B258A2D8F000F2569 /* Release */ = {
			isa = XCBuildConfiguration;
			baseConfigurationReference = 02EA2A169FF763E9381CCE52 /* Pods-Technie.release.xcconfig */;
			buildSettings = {
				ASSETCATALOG_COMPILER_APPICON_NAME = AppIcon;
				ASSETCATALOG_COMPILER_GLOBAL_ACCENT_COLOR_NAME = AccentColor;
				CODE_SIGN_STYLE = Automatic;
				DEVELOPMENT_TEAM = P2QGR75A2K;
				INFOPLIST_FILE = Technie/Info.plist;
				LD_RUNPATH_SEARCH_PATHS = (
					"$(inherited)",
					"@executable_path/Frameworks",
				);
				PRODUCT_BUNDLE_IDENTIFIER = com.valterandremachado.Technie;
				PRODUCT_NAME = "$(TARGET_NAME)";
				SWIFT_VERSION = 5.0;
				TARGETED_DEVICE_FAMILY = "1,2";
			};
			name = Release;
		};
		8AC1B14D258A2D8F000F2569 /* Debug */ = {
			isa = XCBuildConfiguration;
			baseConfigurationReference = FE8CFBED81E14B3B58F067E7 /* Pods-TechnieTests.debug.xcconfig */;
			buildSettings = {
				ALWAYS_EMBED_SWIFT_STANDARD_LIBRARIES = YES;
				BUNDLE_LOADER = "$(TEST_HOST)";
				CODE_SIGN_STYLE = Automatic;
				DEVELOPMENT_TEAM = P2QGR75A2K;
				INFOPLIST_FILE = TechnieTests/Info.plist;
				IPHONEOS_DEPLOYMENT_TARGET = 14.1;
				LD_RUNPATH_SEARCH_PATHS = (
					"$(inherited)",
					"@executable_path/Frameworks",
					"@loader_path/Frameworks",
				);
				PRODUCT_BUNDLE_IDENTIFIER = com.valterandremachado.TechnieTests;
				PRODUCT_NAME = "$(TARGET_NAME)";
				SWIFT_VERSION = 5.0;
				TARGETED_DEVICE_FAMILY = "1,2";
				TEST_HOST = "$(BUILT_PRODUCTS_DIR)/Technie.app/Technie";
			};
			name = Debug;
		};
		8AC1B14E258A2D8F000F2569 /* Release */ = {
			isa = XCBuildConfiguration;
			baseConfigurationReference = C3C5AAEDAD5D7062AB545416 /* Pods-TechnieTests.release.xcconfig */;
			buildSettings = {
				ALWAYS_EMBED_SWIFT_STANDARD_LIBRARIES = YES;
				BUNDLE_LOADER = "$(TEST_HOST)";
				CODE_SIGN_STYLE = Automatic;
				DEVELOPMENT_TEAM = P2QGR75A2K;
				INFOPLIST_FILE = TechnieTests/Info.plist;
				IPHONEOS_DEPLOYMENT_TARGET = 14.1;
				LD_RUNPATH_SEARCH_PATHS = (
					"$(inherited)",
					"@executable_path/Frameworks",
					"@loader_path/Frameworks",
				);
				PRODUCT_BUNDLE_IDENTIFIER = com.valterandremachado.TechnieTests;
				PRODUCT_NAME = "$(TARGET_NAME)";
				SWIFT_VERSION = 5.0;
				TARGETED_DEVICE_FAMILY = "1,2";
				TEST_HOST = "$(BUILT_PRODUCTS_DIR)/Technie.app/Technie";
			};
			name = Release;
		};
		8AC1B150258A2D8F000F2569 /* Debug */ = {
			isa = XCBuildConfiguration;
			baseConfigurationReference = F23088A4789BBA0BED0151D5 /* Pods-Technie-TechnieUITests.debug.xcconfig */;
			buildSettings = {
				ALWAYS_EMBED_SWIFT_STANDARD_LIBRARIES = YES;
				CODE_SIGN_STYLE = Automatic;
				DEVELOPMENT_TEAM = P2QGR75A2K;
				INFOPLIST_FILE = TechnieUITests/Info.plist;
				LD_RUNPATH_SEARCH_PATHS = (
					"$(inherited)",
					"@executable_path/Frameworks",
					"@loader_path/Frameworks",
				);
				PRODUCT_BUNDLE_IDENTIFIER = com.valterandremachado.TechnieUITests;
				PRODUCT_NAME = "$(TARGET_NAME)";
				SWIFT_VERSION = 5.0;
				TARGETED_DEVICE_FAMILY = "1,2";
				TEST_TARGET_NAME = Technie;
			};
			name = Debug;
		};
		8AC1B151258A2D8F000F2569 /* Release */ = {
			isa = XCBuildConfiguration;
			baseConfigurationReference = 2D46E59A249A48CCCD995D78 /* Pods-Technie-TechnieUITests.release.xcconfig */;
			buildSettings = {
				ALWAYS_EMBED_SWIFT_STANDARD_LIBRARIES = YES;
				CODE_SIGN_STYLE = Automatic;
				DEVELOPMENT_TEAM = P2QGR75A2K;
				INFOPLIST_FILE = TechnieUITests/Info.plist;
				LD_RUNPATH_SEARCH_PATHS = (
					"$(inherited)",
					"@executable_path/Frameworks",
					"@loader_path/Frameworks",
				);
				PRODUCT_BUNDLE_IDENTIFIER = com.valterandremachado.TechnieUITests;
				PRODUCT_NAME = "$(TARGET_NAME)";
				SWIFT_VERSION = 5.0;
				TARGETED_DEVICE_FAMILY = "1,2";
				TEST_TARGET_NAME = Technie;
			};
			name = Release;
		};
/* End XCBuildConfiguration section */

/* Begin XCConfigurationList section */
		8AC1B11A258A2D8D000F2569 /* Build configuration list for PBXProject "Technie" */ = {
			isa = XCConfigurationList;
			buildConfigurations = (
				8AC1B147258A2D8F000F2569 /* Debug */,
				8AC1B148258A2D8F000F2569 /* Release */,
			);
			defaultConfigurationIsVisible = 0;
			defaultConfigurationName = Release;
		};
		8AC1B149258A2D8F000F2569 /* Build configuration list for PBXNativeTarget "Technie" */ = {
			isa = XCConfigurationList;
			buildConfigurations = (
				8AC1B14A258A2D8F000F2569 /* Debug */,
				8AC1B14B258A2D8F000F2569 /* Release */,
			);
			defaultConfigurationIsVisible = 0;
			defaultConfigurationName = Release;
		};
		8AC1B14C258A2D8F000F2569 /* Build configuration list for PBXNativeTarget "TechnieTests" */ = {
			isa = XCConfigurationList;
			buildConfigurations = (
				8AC1B14D258A2D8F000F2569 /* Debug */,
				8AC1B14E258A2D8F000F2569 /* Release */,
			);
			defaultConfigurationIsVisible = 0;
			defaultConfigurationName = Release;
		};
		8AC1B14F258A2D8F000F2569 /* Build configuration list for PBXNativeTarget "TechnieUITests" */ = {
			isa = XCConfigurationList;
			buildConfigurations = (
				8AC1B150258A2D8F000F2569 /* Debug */,
				8AC1B151258A2D8F000F2569 /* Release */,
			);
			defaultConfigurationIsVisible = 0;
			defaultConfigurationName = Release;
		};
/* End XCConfigurationList section */

/* Begin XCRemoteSwiftPackageReference section */
		8A54FAD025B56ED100814216 /* XCRemoteSwiftPackageReference "MessageKit" */ = {
			isa = XCRemoteSwiftPackageReference;
			repositoryURL = "https://github.com/MessageKit/MessageKit";
			requirement = {
				kind = upToNextMajorVersion;
				minimumVersion = 3.5.0;
			};
		};
		8A8F8552258A408700C4CEF9 /* XCRemoteSwiftPackageReference "LBTATools" */ = {
			isa = XCRemoteSwiftPackageReference;
			repositoryURL = "https://github.com/bhlvoong/LBTATools";
			requirement = {
				kind = upToNextMajorVersion;
				minimumVersion = 1.0.17;
			};
		};
		8AA43A1F25D145FF00140649 /* XCRemoteSwiftPackageReference "NotificationBanner" */ = {
			isa = XCRemoteSwiftPackageReference;
			repositoryURL = "https://github.com/Daltron/NotificationBanner";
			requirement = {
				kind = upToNextMajorVersion;
				minimumVersion = 3.0.6;
			};
		};
		8AADFB8A25B5A59700D3A5CC /* XCRemoteSwiftPackageReference "SDWebImage" */ = {
			isa = XCRemoteSwiftPackageReference;
			repositoryURL = "https://github.com/SDWebImage/SDWebImage";
			requirement = {
				kind = upToNextMajorVersion;
				minimumVersion = 5.10.2;
			};
		};
/* End XCRemoteSwiftPackageReference section */

/* Begin XCSwiftPackageProductDependency section */
		8A54FAD125B56ED100814216 /* MessageKit */ = {
			isa = XCSwiftPackageProductDependency;
			package = 8A54FAD025B56ED100814216 /* XCRemoteSwiftPackageReference "MessageKit" */;
			productName = MessageKit;
		};
		8A8F8553258A408700C4CEF9 /* LBTATools */ = {
			isa = XCSwiftPackageProductDependency;
			package = 8A8F8552258A408700C4CEF9 /* XCRemoteSwiftPackageReference "LBTATools" */;
			productName = LBTATools;
		};
		8AA43A2025D145FF00140649 /* NotificationBannerSwift */ = {
			isa = XCSwiftPackageProductDependency;
			package = 8AA43A1F25D145FF00140649 /* XCRemoteSwiftPackageReference "NotificationBanner" */;
			productName = NotificationBannerSwift;
		};
		8AADFB8B25B5A59700D3A5CC /* SDWebImage */ = {
			isa = XCSwiftPackageProductDependency;
			package = 8AADFB8A25B5A59700D3A5CC /* XCRemoteSwiftPackageReference "SDWebImage" */;
			productName = SDWebImage;
		};
		8AADFB8D25B5A59700D3A5CC /* SDWebImageMapKit */ = {
			isa = XCSwiftPackageProductDependency;
			package = 8AADFB8A25B5A59700D3A5CC /* XCRemoteSwiftPackageReference "SDWebImage" */;
			productName = SDWebImageMapKit;
		};
/* End XCSwiftPackageProductDependency section */
	};
	rootObject = 8AC1B117258A2D8D000F2569 /* Project object */;
}
